// !$*UTF8*$!
{
	archiveVersion = 1;
	classes = {
	};
	objectVersion = 46;
	objects = {

/* Begin PBXBuildFile section */
		196047B91D83E6E7002989AA /* AppDelegate.swift in Sources */ = {isa = PBXBuildFile; fileRef = 196047B81D83E6E7002989AA /* AppDelegate.swift */; };
		196047C01D83E6E7002989AA /* Assets.xcassets in Resources */ = {isa = PBXBuildFile; fileRef = 196047BF1D83E6E7002989AA /* Assets.xcassets */; };
		196047C31D83E6E7002989AA /* LaunchScreen.storyboard in Resources */ = {isa = PBXBuildFile; fileRef = 196047C11D83E6E7002989AA /* LaunchScreen.storyboard */; };
		196047CB1D83E7B7002989AA /* LibraryVersion.storyboard in Resources */ = {isa = PBXBuildFile; fileRef = 196047CA1D83E7B7002989AA /* LibraryVersion.storyboard */; };
		196047D21D83E941002989AA /* FirstTabViewController.swift in Sources */ = {isa = PBXBuildFile; fileRef = 196047D11D83E941002989AA /* FirstTabViewController.swift */; };
		196047D41D83E94B002989AA /* SecondTabViewController.swift in Sources */ = {isa = PBXBuildFile; fileRef = 196047D31D83E94B002989AA /* SecondTabViewController.swift */; };
		196047D61D83EA95002989AA /* MenuTableViewController.swift in Sources */ = {isa = PBXBuildFile; fileRef = 196047D51D83EA95002989AA /* MenuTableViewController.swift */; };
		196047DB1D83EB63002989AA /* SWRevealViewController.m in Sources */ = {isa = PBXBuildFile; fileRef = 196047DA1D83EB63002989AA /* SWRevealViewController.m */; };
		196047DE1D83F974002989AA /* CustomVersion.storyboard in Resources */ = {isa = PBXBuildFile; fileRef = 196047DD1D83F974002989AA /* CustomVersion.storyboard */; };
		196047E01D84142A002989AA /* ContainerViewController.swift in Sources */ = {isa = PBXBuildFile; fileRef = 196047DF1D84142A002989AA /* ContainerViewController.swift */; };
		196047E21D841676002989AA /* ParentViewController.swift in Sources */ = {isa = PBXBuildFile; fileRef = 196047E11D841676002989AA /* ParentViewController.swift */; };
		196047E41D841952002989AA /* AViewController.swift in Sources */ = {isa = PBXBuildFile; fileRef = 196047E31D841952002989AA /* AViewController.swift */; };
		196047E61D84195B002989AA /* BViewController.swift in Sources */ = {isa = PBXBuildFile; fileRef = 196047E51D84195B002989AA /* BViewController.swift */; };
		196047EC1D841B22002989AA /* Menu.swift in Sources */ = {isa = PBXBuildFile; fileRef = 196047EB1D841B22002989AA /* Menu.swift */; };
/* End PBXBuildFile section */

/* Begin PBXFileReference section */
		196047B51D83E6E7002989AA /* SideBarMenu.app */ = {isa = PBXFileReference; explicitFileType = wrapper.application; includeInIndex = 0; path = SideBarMenu.app; sourceTree = BUILT_PRODUCTS_DIR; };
		196047B81D83E6E7002989AA /* AppDelegate.swift */ = {isa = PBXFileReference; lastKnownFileType = sourcecode.swift; path = AppDelegate.swift; sourceTree = "<group>"; };
		196047BF1D83E6E7002989AA /* Assets.xcassets */ = {isa = PBXFileReference; lastKnownFileType = folder.assetcatalog; path = Assets.xcassets; sourceTree = "<group>"; };
		196047C21D83E6E7002989AA /* Base */ = {isa = PBXFileReference; lastKnownFileType = file.storyboard; name = Base; path = Base.lproj/LaunchScreen.storyboard; sourceTree = "<group>"; };
		196047C41D83E6E7002989AA /* Info.plist */ = {isa = PBXFileReference; lastKnownFileType = text.plist.xml; path = Info.plist; sourceTree = "<group>"; };
		196047CA1D83E7B7002989AA /* LibraryVersion.storyboard */ = {isa = PBXFileReference; fileEncoding = 4; lastKnownFileType = file.storyboard; path = LibraryVersion.storyboard; sourceTree = "<group>"; };
		196047D11D83E941002989AA /* FirstTabViewController.swift */ = {isa = PBXFileReference; fileEncoding = 4; lastKnownFileType = sourcecode.swift; path = FirstTabViewController.swift; sourceTree = "<group>"; };
		196047D31D83E94B002989AA /* SecondTabViewController.swift */ = {isa = PBXFileReference; fileEncoding = 4; lastKnownFileType = sourcecode.swift; path = SecondTabViewController.swift; sourceTree = "<group>"; };
		196047D51D83EA95002989AA /* MenuTableViewController.swift */ = {isa = PBXFileReference; fileEncoding = 4; lastKnownFileType = sourcecode.swift; path = MenuTableViewController.swift; sourceTree = "<group>"; };
		196047D81D83EB62002989AA /* SideBarMenu-Bridging-Header.h */ = {isa = PBXFileReference; lastKnownFileType = sourcecode.c.h; path = "SideBarMenu-Bridging-Header.h"; sourceTree = "<group>"; };
		196047D91D83EB63002989AA /* SWRevealViewController.h */ = {isa = PBXFileReference; fileEncoding = 4; lastKnownFileType = sourcecode.c.h; path = SWRevealViewController.h; sourceTree = "<group>"; };
		196047DA1D83EB63002989AA /* SWRevealViewController.m */ = {isa = PBXFileReference; fileEncoding = 4; lastKnownFileType = sourcecode.c.objc; path = SWRevealViewController.m; sourceTree = "<group>"; };
		196047DD1D83F974002989AA /* CustomVersion.storyboard */ = {isa = PBXFileReference; fileEncoding = 4; lastKnownFileType = file.storyboard; path = CustomVersion.storyboard; sourceTree = "<group>"; };
		196047DF1D84142A002989AA /* ContainerViewController.swift */ = {isa = PBXFileReference; fileEncoding = 4; lastKnownFileType = sourcecode.swift; path = ContainerViewController.swift; sourceTree = "<group>"; };
		196047E11D841676002989AA /* ParentViewController.swift */ = {isa = PBXFileReference; fileEncoding = 4; lastKnownFileType = sourcecode.swift; path = ParentViewController.swift; sourceTree = "<group>"; };
		196047E31D841952002989AA /* AViewController.swift */ = {isa = PBXFileReference; fileEncoding = 4; lastKnownFileType = sourcecode.swift; path = AViewController.swift; sourceTree = "<group>"; };
		196047E51D84195B002989AA /* BViewController.swift */ = {isa = PBXFileReference; fileEncoding = 4; lastKnownFileType = sourcecode.swift; path = BViewController.swift; sourceTree = "<group>"; };
		196047EB1D841B22002989AA /* Menu.swift */ = {isa = PBXFileReference; fileEncoding = 4; lastKnownFileType = sourcecode.swift; path = Menu.swift; sourceTree = "<group>"; };
/* End PBXFileReference section */

/* Begin PBXFrameworksBuildPhase section */
		196047B21D83E6E7002989AA /* Frameworks */ = {
			isa = PBXFrameworksBuildPhase;
			buildActionMask = 2147483647;
			files = (
			);
			runOnlyForDeploymentPostprocessing = 0;
		};
/* End PBXFrameworksBuildPhase section */

/* Begin PBXGroup section */
		196047AC1D83E6E7002989AA = {
			isa = PBXGroup;
			children = (
				196047B71D83E6E7002989AA /* SideBarMenu */,
				196047B61D83E6E7002989AA /* Products */,
			);
			sourceTree = "<group>";
		};
		196047B61D83E6E7002989AA /* Products */ = {
			isa = PBXGroup;
			children = (
				196047B51D83E6E7002989AA /* SideBarMenu.app */,
			);
			name = Products;
			sourceTree = "<group>";
		};
		196047B71D83E6E7002989AA /* SideBarMenu */ = {
			isa = PBXGroup;
			children = (
				196047DC1D83F270002989AA /* CustomVersion */,
				196047CC1D83E85A002989AA /* LibraryVersion */,
				196047B81D83E6E7002989AA /* AppDelegate.swift */,
				196047BF1D83E6E7002989AA /* Assets.xcassets */,
				196047C11D83E6E7002989AA /* LaunchScreen.storyboard */,
				196047C41D83E6E7002989AA /* Info.plist */,
			);
			path = SideBarMenu;
			sourceTree = "<group>";
		};
		196047CC1D83E85A002989AA /* LibraryVersion */ = {
			isa = PBXGroup;
			children = (
				196047D71D83EB49002989AA /* Library */,
				196047CA1D83E7B7002989AA /* LibraryVersion.storyboard */,
				196047D11D83E941002989AA /* FirstTabViewController.swift */,
				196047D31D83E94B002989AA /* SecondTabViewController.swift */,
				196047D51D83EA95002989AA /* MenuTableViewController.swift */,
			);
			name = LibraryVersion;
			sourceTree = "<group>";
		};
		196047D71D83EB49002989AA /* Library */ = {
			isa = PBXGroup;
			children = (
				196047D91D83EB63002989AA /* SWRevealViewController.h */,
				196047DA1D83EB63002989AA /* SWRevealViewController.m */,
				196047D81D83EB62002989AA /* SideBarMenu-Bridging-Header.h */,
			);
			name = Library;
			sourceTree = "<group>";
		};
		196047DC1D83F270002989AA /* CustomVersion */ = {
			isa = PBXGroup;
			children = (
				196047DD1D83F974002989AA /* CustomVersion.storyboard */,
				196047DF1D84142A002989AA /* ContainerViewController.swift */,
				196047E11D841676002989AA /* ParentViewController.swift */,
				196047E31D841952002989AA /* AViewController.swift */,
				196047E51D84195B002989AA /* BViewController.swift */,
				196047EB1D841B22002989AA /* Menu.swift */,
			);
			name = CustomVersion;
			sourceTree = "<group>";
		};
/* End PBXGroup section */

/* Begin PBXNativeTarget section */
		196047B41D83E6E7002989AA /* SideBarMenu */ = {
			isa = PBXNativeTarget;
			buildConfigurationList = 196047C71D83E6E7002989AA /* Build configuration list for PBXNativeTarget "SideBarMenu" */;
			buildPhases = (
				196047B11D83E6E7002989AA /* Sources */,
				196047B21D83E6E7002989AA /* Frameworks */,
				196047B31D83E6E7002989AA /* Resources */,
			);
			buildRules = (
			);
			dependencies = (
			);
			name = SideBarMenu;
			productName = SideBarMenu;
			productReference = 196047B51D83E6E7002989AA /* SideBarMenu.app */;
			productType = "com.apple.product-type.application";
		};
/* End PBXNativeTarget section */

/* Begin PBXProject section */
		196047AD1D83E6E7002989AA /* Project object */ = {
			isa = PBXProject;
			attributes = {
				LastSwiftUpdateCheck = 0730;
				LastUpgradeCheck = 0730;
				ORGANIZATIONNAME = archangel;
				TargetAttributes = {
					196047B41D83E6E7002989AA = {
						CreatedOnToolsVersion = 7.3.1;
					};
				};
			};
			buildConfigurationList = 196047B01D83E6E7002989AA /* Build configuration list for PBXProject "SideBarMenu" */;
			compatibilityVersion = "Xcode 3.2";
			developmentRegion = English;
			hasScannedForEncodings = 0;
			knownRegions = (
				en,
				Base,
			);
			mainGroup = 196047AC1D83E6E7002989AA;
			productRefGroup = 196047B61D83E6E7002989AA /* Products */;
			projectDirPath = "";
			projectRoot = "";
			targets = (
				196047B41D83E6E7002989AA /* SideBarMenu */,
			);
		};
/* End PBXProject section */

/* Begin PBXResourcesBuildPhase section */
		196047B31D83E6E7002989AA /* Resources */ = {
			isa = PBXResourcesBuildPhase;
			buildActionMask = 2147483647;
			files = (
				196047DE1D83F974002989AA /* CustomVersion.storyboard in Resources */,
				196047C31D83E6E7002989AA /* LaunchScreen.storyboard in Resources */,
				196047C01D83E6E7002989AA /* Assets.xcassets in Resources */,
				196047CB1D83E7B7002989AA /* LibraryVersion.storyboard in Resources */,
			);
			runOnlyForDeploymentPostprocessing = 0;
		};
/* End PBXResourcesBuildPhase section */

/* Begin PBXSourcesBuildPhase section */
		196047B11D83E6E7002989AA /* Sources */ = {
			isa = PBXSourcesBuildPhase;
			buildActionMask = 2147483647;
			files = (
				196047E41D841952002989AA /* AViewController.swift in Sources */,
				196047E61D84195B002989AA /* BViewController.swift in Sources */,
				196047D41D83E94B002989AA /* SecondTabViewController.swift in Sources */,
				196047D61D83EA95002989AA /* MenuTableViewController.swift in Sources */,
				196047EC1D841B22002989AA /* Menu.swift in Sources */,
				196047D21D83E941002989AA /* FirstTabViewController.swift in Sources */,
				196047E21D841676002989AA /* ParentViewController.swift in Sources */,
				196047B91D83E6E7002989AA /* AppDelegate.swift in Sources */,
				196047E01D84142A002989AA /* ContainerViewController.swift in Sources */,
				196047DB1D83EB63002989AA /* SWRevealViewController.m in Sources */,
			);
			runOnlyForDeploymentPostprocessing = 0;
		};
/* End PBXSourcesBuildPhase section */

/* Begin PBXVariantGroup section */
		196047C11D83E6E7002989AA /* LaunchScreen.storyboard */ = {
			isa = PBXVariantGroup;
			children = (
				196047C21D83E6E7002989AA /* Base */,
			);
			name = LaunchScreen.storyboard;
			sourceTree = "<group>";
		};
/* End PBXVariantGroup section */

/* Begin XCBuildConfiguration section */
		196047C51D83E6E7002989AA /* Debug */ = {
			isa = XCBuildConfiguration;
			buildSettings = {
				ALWAYS_SEARCH_USER_PATHS = NO;
				CLANG_ANALYZER_NONNULL = YES;
				CLANG_CXX_LANGUAGE_STANDARD = "gnu++0x";
				CLANG_CXX_LIBRARY = "libc++";
				CLANG_ENABLE_MODULES = YES;
				CLANG_ENABLE_OBJC_ARC = YES;
				CLANG_WARN_BOOL_CONVERSION = YES;
				CLANG_WARN_CONSTANT_CONVERSION = YES;
				CLANG_WARN_DIRECT_OBJC_ISA_USAGE = YES_ERROR;
				CLANG_WARN_EMPTY_BODY = YES;
				CLANG_WARN_ENUM_CONVERSION = YES;
				CLANG_WARN_INT_CONVERSION = YES;
				CLANG_WARN_OBJC_ROOT_CLASS = YES_ERROR;
				CLANG_WARN_UNREACHABLE_CODE = YES;
				CLANG_WARN__DUPLICATE_METHOD_MATCH = YES;
				"CODE_SIGN_IDENTITY[sdk=iphoneos*]" = "iPhone Developer";
				COPY_PHASE_STRIP = NO;
				DEBUG_INFORMATION_FORMAT = dwarf;
				ENABLE_STRICT_OBJC_MSGSEND = YES;
				ENABLE_TESTABILITY = YES;
				GCC_C_LANGUAGE_STANDARD = gnu99;
				GCC_DYNAMIC_NO_PIC = NO;
				GCC_NO_COMMON_BLOCKS = YES;
				GCC_OPTIMIZATION_LEVEL = 0;
				GCC_PREPROCESSOR_DEFINITIONS = (
					"DEBUG=1",
					"$(inherited)",
				);
				GCC_WARN_64_TO_32_BIT_CONVERSION = YES;
				GCC_WARN_ABOUT_RETURN_TYPE = YES_ERROR;
				GCC_WARN_UNDECLARED_SELECTOR = YES;
				GCC_WARN_UNINITIALIZED_AUTOS = YES_AGGRESSIVE;
				GCC_WARN_UNUSED_FUNCTION = YES;
				GCC_WARN_UNUSED_VARIABLE = YES;
				IPHONEOS_DEPLOYMENT_TARGET = 9.3;
				MTL_ENABLE_DEBUG_INFO = YES;
				ONLY_ACTIVE_ARCH = YES;
				SDKROOT = iphoneos;
				SWIFT_OPTIMIZATION_LEVEL = "-Onone";
			};
			name = Debug;
		};
		196047C61D83E6E7002989AA /* Release */ = {
			isa = XCBuildConfiguration;
			buildSettings = {
				ALWAYS_SEARCH_USER_PATHS = NO;
				CLANG_ANALYZER_NONNULL = YES;
				CLANG_CXX_LANGUAGE_STANDARD = "gnu++0x";
				CLANG_CXX_LIBRARY = "libc++";
				CLANG_ENABLE_MODULES = YES;
				CLANG_ENABLE_OBJC_ARC = YES;
				CLANG_WARN_BOOL_CONVERSION = YES;
				CLANG_WARN_CONSTANT_CONVERSION = YES;
				CLANG_WARN_DIRECT_OBJC_ISA_USAGE = YES_ERROR;
				CLANG_WARN_EMPTY_BODY = YES;
				CLANG_WARN_ENUM_CONVERSION = YES;
				CLANG_WARN_INT_CONVERSION = YES;
				CLANG_WARN_OBJC_ROOT_CLASS = YES_ERROR;
				CLANG_WARN_UNREACHABLE_CODE = YES;
				CLANG_WARN__DUPLICATE_METHOD_MATCH = YES;
				"CODE_SIGN_IDENTITY[sdk=iphoneos*]" = "iPhone Developer";
				COPY_PHASE_STRIP = NO;
				DEBUG_INFORMATION_FORMAT = "dwarf-with-dsym";
				ENABLE_NS_ASSERTIONS = NO;
				ENABLE_STRICT_OBJC_MSGSEND = YES;
				GCC_C_LANGUAGE_STANDARD = gnu99;
				GCC_NO_COMMON_BLOCKS = YES;
				GCC_WARN_64_TO_32_BIT_CONVERSION = YES;
				GCC_WARN_ABOUT_RETURN_TYPE = YES_ERROR;
				GCC_WARN_UNDECLARED_SELECTOR = YES;
				GCC_WARN_UNINITIALIZED_AUTOS = YES_AGGRESSIVE;
				GCC_WARN_UNUSED_FUNCTION = YES;
				GCC_WARN_UNUSED_VARIABLE = YES;
				IPHONEOS_DEPLOYMENT_TARGET = 9.3;
				MTL_ENABLE_DEBUG_INFO = NO;
				SDKROOT = iphoneos;
				VALIDATE_PRODUCT = YES;
			};
			name = Release;
		};
		196047C81D83E6E7002989AA /* Debug */ = {
			isa = XCBuildConfiguration;
			buildSettings = {
				ASSETCATALOG_COMPILER_APPICON_NAME = AppIcon;
				CLANG_ENABLE_MODULES = YES;
				INFOPLIST_FILE = SideBarMenu/Info.plist;
				IPHONEOS_DEPLOYMENT_TARGET = 8.0;
				LD_RUNPATH_SEARCH_PATHS = "$(inherited) @executable_path/Frameworks";
				PRODUCT_BUNDLE_IDENTIFIER = com.oryx.testapp;
				PRODUCT_NAME = "$(TARGET_NAME)";
				SWIFT_OBJC_BRIDGING_HEADER = "SideBarMenu/SideBarMenu-Bridging-Header.h";
				SWIFT_OPTIMIZATION_LEVEL = "-Onone";
			};
			name = Debug;
		};
		196047C91D83E6E7002989AA /* Release */ = {
			isa = XCBuildConfiguration;
			buildSettings = {
				ASSETCATALOG_COMPILER_APPICON_NAME = AppIcon;
				CLANG_ENABLE_MODULES = YES;
				INFOPLIST_FILE = SideBarMenu/Info.plist;
				IPHONEOS_DEPLOYMENT_TARGET = 8.0;
				LD_RUNPATH_SEARCH_PATHS = "$(inherited) @executable_path/Frameworks";
				PRODUCT_BUNDLE_IDENTIFIER = com.oryx.testapp;
				PRODUCT_NAME = "$(TARGET_NAME)";
				SWIFT_OBJC_BRIDGING_HEADER = "SideBarMenu/SideBarMenu-Bridging-Header.h";
			};
			name = Release;
		};
/* End XCBuildConfiguration section */

/* Begin XCConfigurationList section */
		196047B01D83E6E7002989AA /* Build configuration list for PBXProject "SideBarMenu" */ = {
			isa = XCConfigurationList;
			buildConfigurations = (
				196047C51D83E6E7002989AA /* Debug */,
				196047C61D83E6E7002989AA /* Release */,
			);
			defaultConfigurationIsVisible = 0;
			defaultConfigurationName = Release;
		};
		196047C71D83E6E7002989AA /* Build configuration list for PBXNativeTarget "SideBarMenu" */ = {
			isa = XCConfigurationList;
			buildConfigurations = (
				196047C81D83E6E7002989AA /* Debug */,
				196047C91D83E6E7002989AA /* Release */,
			);
			defaultConfigurationIsVisible = 0;
		};
/* End XCConfigurationList section */
	};
	rootObject = 196047AD1D83E6E7002989AA /* Project object */;
}
