// !$*UTF8*$!
{
	archiveVersion = 1;
	classes = {
	};
	objectVersion = 46;
	objects = {

/* Begin PBXBuildFile section */
		19090CCB1B1E362C002DA332 /* FlickerPhotoViewCell.swift in Sources */ = {isa = PBXBuildFile; fileRef = 19090CC91B1E362C002DA332 /* FlickerPhotoViewCell.swift */; };
		19090CCC1B1E362C002DA332 /* FlickerPhotoViewCell.xib in Resources */ = {isa = PBXBuildFile; fileRef = 19090CCA1B1E362C002DA332 /* FlickerPhotoViewCell.xib */; };
		19FBBF741B1E1F1D00EC9280 /* AppDelegate.swift in Sources */ = {isa = PBXBuildFile; fileRef = 19FBBF731B1E1F1D00EC9280 /* AppDelegate.swift */; };
		19FBBF791B1E1F1D00EC9280 /* Main.storyboard in Resources */ = {isa = PBXBuildFile; fileRef = 19FBBF771B1E1F1D00EC9280 /* Main.storyboard */; };
		19FBBF7B1B1E1F1D00EC9280 /* Images.xcassets in Resources */ = {isa = PBXBuildFile; fileRef = 19FBBF7A1B1E1F1D00EC9280 /* Images.xcassets */; };
		19FBBF7E1B1E1F1D00EC9280 /* LaunchScreen.xib in Resources */ = {isa = PBXBuildFile; fileRef = 19FBBF7C1B1E1F1D00EC9280 /* LaunchScreen.xib */; };
		19FBBF8A1B1E1F1E00EC9280 /* CollectionActionsFlickerSearchTests.swift in Sources */ = {isa = PBXBuildFile; fileRef = 19FBBF891B1E1F1E00EC9280 /* CollectionActionsFlickerSearchTests.swift */; };
		19FBBF941B1E229100EC9280 /* FlickerPhotosViewController.swift in Sources */ = {isa = PBXBuildFile; fileRef = 19FBBF931B1E229100EC9280 /* FlickerPhotosViewController.swift */; };
		19FBBF961B1E241200EC9280 /* FlickrSearcher.swift in Sources */ = {isa = PBXBuildFile; fileRef = 19FBBF951B1E241200EC9280 /* FlickrSearcher.swift */; };
/* End PBXBuildFile section */

/* Begin PBXContainerItemProxy section */
		19FBBF841B1E1F1E00EC9280 /* PBXContainerItemProxy */ = {
			isa = PBXContainerItemProxy;
			containerPortal = 19FBBF661B1E1F1D00EC9280 /* Project object */;
			proxyType = 1;
			remoteGlobalIDString = 19FBBF6D1B1E1F1D00EC9280;
			remoteInfo = CollectionActionsFlickerSearch;
		};
/* End PBXContainerItemProxy section */

/* Begin PBXFileReference section */
		19090CC91B1E362C002DA332 /* FlickerPhotoViewCell.swift */ = {isa = PBXFileReference; fileEncoding = 4; lastKnownFileType = sourcecode.swift; path = FlickerPhotoViewCell.swift; sourceTree = "<group>"; };
		19090CCA1B1E362C002DA332 /* FlickerPhotoViewCell.xib */ = {isa = PBXFileReference; fileEncoding = 4; lastKnownFileType = file.xib; path = FlickerPhotoViewCell.xib; sourceTree = "<group>"; };
		19FBBF6E1B1E1F1D00EC9280 /* CollectionActionsFlickerSearch.app */ = {isa = PBXFileReference; explicitFileType = wrapper.application; includeInIndex = 0; path = CollectionActionsFlickerSearch.app; sourceTree = BUILT_PRODUCTS_DIR; };
		19FBBF721B1E1F1D00EC9280 /* Info.plist */ = {isa = PBXFileReference; lastKnownFileType = text.plist.xml; path = Info.plist; sourceTree = "<group>"; };
		19FBBF731B1E1F1D00EC9280 /* AppDelegate.swift */ = {isa = PBXFileReference; lastKnownFileType = sourcecode.swift; path = AppDelegate.swift; sourceTree = "<group>"; };
		19FBBF781B1E1F1D00EC9280 /* Base */ = {isa = PBXFileReference; lastKnownFileType = file.storyboard; name = Base; path = Base.lproj/Main.storyboard; sourceTree = "<group>"; };
		19FBBF7A1B1E1F1D00EC9280 /* Images.xcassets */ = {isa = PBXFileReference; lastKnownFileType = folder.assetcatalog; path = Images.xcassets; sourceTree = "<group>"; };
		19FBBF7D1B1E1F1D00EC9280 /* Base */ = {isa = PBXFileReference; lastKnownFileType = file.xib; name = Base; path = Base.lproj/LaunchScreen.xib; sourceTree = "<group>"; };
		19FBBF831B1E1F1E00EC9280 /* CollectionActionsFlickerSearchTests.xctest */ = {isa = PBXFileReference; explicitFileType = wrapper.cfbundle; includeInIndex = 0; path = CollectionActionsFlickerSearchTests.xctest; sourceTree = BUILT_PRODUCTS_DIR; };
		19FBBF881B1E1F1E00EC9280 /* Info.plist */ = {isa = PBXFileReference; lastKnownFileType = text.plist.xml; path = Info.plist; sourceTree = "<group>"; };
		19FBBF891B1E1F1E00EC9280 /* CollectionActionsFlickerSearchTests.swift */ = {isa = PBXFileReference; lastKnownFileType = sourcecode.swift; path = CollectionActionsFlickerSearchTests.swift; sourceTree = "<group>"; };
		19FBBF931B1E229100EC9280 /* FlickerPhotosViewController.swift */ = {isa = PBXFileReference; fileEncoding = 4; lastKnownFileType = sourcecode.swift; path = FlickerPhotosViewController.swift; sourceTree = "<group>"; };
		19FBBF951B1E241200EC9280 /* FlickrSearcher.swift */ = {isa = PBXFileReference; fileEncoding = 4; lastKnownFileType = sourcecode.swift; path = FlickrSearcher.swift; sourceTree = "<group>"; };
/* End PBXFileReference section */

/* Begin PBXFrameworksBuildPhase section */
		19FBBF6B1B1E1F1D00EC9280 /* Frameworks */ = {
			isa = PBXFrameworksBuildPhase;
			buildActionMask = 2147483647;
			files = (
			);
			runOnlyForDeploymentPostprocessing = 0;
		};
		19FBBF801B1E1F1E00EC9280 /* Frameworks */ = {
			isa = PBXFrameworksBuildPhase;
			buildActionMask = 2147483647;
			files = (
			);
			runOnlyForDeploymentPostprocessing = 0;
		};
/* End PBXFrameworksBuildPhase section */

/* Begin PBXGroup section */
		19FBBF651B1E1F1D00EC9280 = {
			isa = PBXGroup;
			children = (
				19FBBF701B1E1F1D00EC9280 /* CollectionActionsFlickerSearch */,
				19FBBF861B1E1F1E00EC9280 /* CollectionActionsFlickerSearchTests */,
				19FBBF6F1B1E1F1D00EC9280 /* Products */,
			);
			sourceTree = "<group>";
		};
		19FBBF6F1B1E1F1D00EC9280 /* Products */ = {
			isa = PBXGroup;
			children = (
				19FBBF6E1B1E1F1D00EC9280 /* CollectionActionsFlickerSearch.app */,
				19FBBF831B1E1F1E00EC9280 /* CollectionActionsFlickerSearchTests.xctest */,
			);
			name = Products;
			sourceTree = "<group>";
		};
		19FBBF701B1E1F1D00EC9280 /* CollectionActionsFlickerSearch */ = {
			isa = PBXGroup;
			children = (
				19FBBF951B1E241200EC9280 /* FlickrSearcher.swift */,
				19FBBF731B1E1F1D00EC9280 /* AppDelegate.swift */,
				19FBBF771B1E1F1D00EC9280 /* Main.storyboard */,
				19FBBF7A1B1E1F1D00EC9280 /* Images.xcassets */,
				19FBBF7C1B1E1F1D00EC9280 /* LaunchScreen.xib */,
				19FBBF711B1E1F1D00EC9280 /* Supporting Files */,
				19FBBF931B1E229100EC9280 /* FlickerPhotosViewController.swift */,
				19090CC91B1E362C002DA332 /* FlickerPhotoViewCell.swift */,
				19090CCA1B1E362C002DA332 /* FlickerPhotoViewCell.xib */,
			);
			path = CollectionActionsFlickerSearch;
			sourceTree = "<group>";
		};
		19FBBF711B1E1F1D00EC9280 /* Supporting Files */ = {
			isa = PBXGroup;
			children = (
				19FBBF721B1E1F1D00EC9280 /* Info.plist */,
			);
			name = "Supporting Files";
			sourceTree = "<group>";
		};
		19FBBF861B1E1F1E00EC9280 /* CollectionActionsFlickerSearchTests */ = {
			isa = PBXGroup;
			children = (
				19FBBF891B1E1F1E00EC9280 /* CollectionActionsFlickerSearchTests.swift */,
				19FBBF871B1E1F1E00EC9280 /* Supporting Files */,
			);
			path = CollectionActionsFlickerSearchTests;
			sourceTree = "<group>";
		};
		19FBBF871B1E1F1E00EC9280 /* Supporting Files */ = {
			isa = PBXGroup;
			children = (
				19FBBF881B1E1F1E00EC9280 /* Info.plist */,
			);
			name = "Supporting Files";
			sourceTree = "<group>";
		};
/* End PBXGroup section */

/* Begin PBXNativeTarget section */
		19FBBF6D1B1E1F1D00EC9280 /* CollectionActionsFlickerSearch */ = {
			isa = PBXNativeTarget;
			buildConfigurationList = 19FBBF8D1B1E1F1E00EC9280 /* Build configuration list for PBXNativeTarget "CollectionActionsFlickerSearch" */;
			buildPhases = (
				19FBBF6A1B1E1F1D00EC9280 /* Sources */,
				19FBBF6B1B1E1F1D00EC9280 /* Frameworks */,
				19FBBF6C1B1E1F1D00EC9280 /* Resources */,
			);
			buildRules = (
			);
			dependencies = (
			);
			name = CollectionActionsFlickerSearch;
			productName = CollectionActionsFlickerSearch;
			productReference = 19FBBF6E1B1E1F1D00EC9280 /* CollectionActionsFlickerSearch.app */;
			productType = "com.apple.product-type.application";
		};
		19FBBF821B1E1F1E00EC9280 /* CollectionActionsFlickerSearchTests */ = {
			isa = PBXNativeTarget;
			buildConfigurationList = 19FBBF901B1E1F1E00EC9280 /* Build configuration list for PBXNativeTarget "CollectionActionsFlickerSearchTests" */;
			buildPhases = (
				19FBBF7F1B1E1F1E00EC9280 /* Sources */,
				19FBBF801B1E1F1E00EC9280 /* Frameworks */,
				19FBBF811B1E1F1E00EC9280 /* Resources */,
			);
			buildRules = (
			);
			dependencies = (
				19FBBF851B1E1F1E00EC9280 /* PBXTargetDependency */,
			);
			name = CollectionActionsFlickerSearchTests;
			productName = CollectionActionsFlickerSearchTests;
			productReference = 19FBBF831B1E1F1E00EC9280 /* CollectionActionsFlickerSearchTests.xctest */;
			productType = "com.apple.product-type.bundle.unit-test";
		};
/* End PBXNativeTarget section */

/* Begin PBXProject section */
		19FBBF661B1E1F1D00EC9280 /* Project object */ = {
			isa = PBXProject;
			attributes = {
				LastUpgradeCheck = 0630;
				ORGANIZATIONNAME = archangel;
				TargetAttributes = {
					19FBBF6D1B1E1F1D00EC9280 = {
						CreatedOnToolsVersion = 6.3.2;
					};
					19FBBF821B1E1F1E00EC9280 = {
						CreatedOnToolsVersion = 6.3.2;
						TestTargetID = 19FBBF6D1B1E1F1D00EC9280;
					};
				};
			};
			buildConfigurationList = 19FBBF691B1E1F1D00EC9280 /* Build configuration list for PBXProject "CollectionActionsFlickerSearch" */;
			compatibilityVersion = "Xcode 3.2";
			developmentRegion = English;
			hasScannedForEncodings = 0;
			knownRegions = (
				en,
				Base,
			);
			mainGroup = 19FBBF651B1E1F1D00EC9280;
			productRefGroup = 19FBBF6F1B1E1F1D00EC9280 /* Products */;
			projectDirPath = "";
			projectRoot = "";
			targets = (
				19FBBF6D1B1E1F1D00EC9280 /* CollectionActionsFlickerSearch */,
				19FBBF821B1E1F1E00EC9280 /* CollectionActionsFlickerSearchTests */,
			);
		};
/* End PBXProject section */

/* Begin PBXResourcesBuildPhase section */
		19FBBF6C1B1E1F1D00EC9280 /* Resources */ = {
			isa = PBXResourcesBuildPhase;
			buildActionMask = 2147483647;
			files = (
				19FBBF791B1E1F1D00EC9280 /* Main.storyboard in Resources */,
				19FBBF7E1B1E1F1D00EC9280 /* LaunchScreen.xib in Resources */,
				19090CCC1B1E362C002DA332 /* FlickerPhotoViewCell.xib in Resources */,
				19FBBF7B1B1E1F1D00EC9280 /* Images.xcassets in Resources */,
			);
			runOnlyForDeploymentPostprocessing = 0;
		};
		19FBBF811B1E1F1E00EC9280 /* Resources */ = {
			isa = PBXResourcesBuildPhase;
			buildActionMask = 2147483647;
			files = (
			);
			runOnlyForDeploymentPostprocessing = 0;
		};
/* End PBXResourcesBuildPhase section */

/* Begin PBXSourcesBuildPhase section */
		19FBBF6A1B1E1F1D00EC9280 /* Sources */ = {
			isa = PBXSourcesBuildPhase;
			buildActionMask = 2147483647;
			files = (
				19FBBF961B1E241200EC9280 /* FlickrSearcher.swift in Sources */,
				19FBBF941B1E229100EC9280 /* FlickerPhotosViewController.swift in Sources */,
				19090CCB1B1E362C002DA332 /* FlickerPhotoViewCell.swift in Sources */,
				19FBBF741B1E1F1D00EC9280 /* AppDelegate.swift in Sources */,
			);
			runOnlyForDeploymentPostprocessing = 0;
		};
		19FBBF7F1B1E1F1E00EC9280 /* Sources */ = {
			isa = PBXSourcesBuildPhase;
			buildActionMask = 2147483647;
			files = (
				19FBBF8A1B1E1F1E00EC9280 /* CollectionActionsFlickerSearchTests.swift in Sources */,
			);
			runOnlyForDeploymentPostprocessing = 0;
		};
/* End PBXSourcesBuildPhase section */

/* Begin PBXTargetDependency section */
		19FBBF851B1E1F1E00EC9280 /* PBXTargetDependency */ = {
			isa = PBXTargetDependency;
			target = 19FBBF6D1B1E1F1D00EC9280 /* CollectionActionsFlickerSearch */;
			targetProxy = 19FBBF841B1E1F1E00EC9280 /* PBXContainerItemProxy */;
		};
/* End PBXTargetDependency section */

/* Begin PBXVariantGroup section */
		19FBBF771B1E1F1D00EC9280 /* Main.storyboard */ = {
			isa = PBXVariantGroup;
			children = (
				19FBBF781B1E1F1D00EC9280 /* Base */,
			);
			name = Main.storyboard;
			sourceTree = "<group>";
		};
		19FBBF7C1B1E1F1D00EC9280 /* LaunchScreen.xib */ = {
			isa = PBXVariantGroup;
			children = (
				19FBBF7D1B1E1F1D00EC9280 /* Base */,
			);
			name = LaunchScreen.xib;
			sourceTree = "<group>";
		};
/* End PBXVariantGroup section */

/* Begin XCBuildConfiguration section */
		19FBBF8B1B1E1F1E00EC9280 /* Debug */ = {
			isa = XCBuildConfiguration;
			buildSettings = {
				ALWAYS_SEARCH_USER_PATHS = NO;
				CLANG_CXX_LANGUAGE_STANDARD = "gnu++0x";
				CLANG_CXX_LIBRARY = "libc++";
				CLANG_ENABLE_MODULES = YES;
				CLANG_ENABLE_OBJC_ARC = YES;
				CLANG_WARN_BOOL_CONVERSION = YES;
				CLANG_WARN_CONSTANT_CONVERSION = YES;
				CLANG_WARN_DIRECT_OBJC_ISA_USAGE = YES_ERROR;
				CLANG_WARN_EMPTY_BODY = YES;
				CLANG_WARN_ENUM_CONVERSION = YES;
				CLANG_WARN_INT_CONVERSION = YES;
				CLANG_WARN_OBJC_ROOT_CLASS = YES_ERROR;
				CLANG_WARN_UNREACHABLE_CODE = YES;
				CLANG_WARN__DUPLICATE_METHOD_MATCH = YES;
				"CODE_SIGN_IDENTITY[sdk=iphoneos*]" = "iPhone Developer";
				COPY_PHASE_STRIP = NO;
				DEBUG_INFORMATION_FORMAT = "dwarf-with-dsym";
				ENABLE_STRICT_OBJC_MSGSEND = YES;
				GCC_C_LANGUAGE_STANDARD = gnu99;
				GCC_DYNAMIC_NO_PIC = NO;
				GCC_NO_COMMON_BLOCKS = YES;
				GCC_OPTIMIZATION_LEVEL = 0;
				GCC_PREPROCESSOR_DEFINITIONS = (
					"DEBUG=1",
					"$(inherited)",
				);
				GCC_SYMBOLS_PRIVATE_EXTERN = NO;
				GCC_WARN_64_TO_32_BIT_CONVERSION = YES;
				GCC_WARN_ABOUT_RETURN_TYPE = YES_ERROR;
				GCC_WARN_UNDECLARED_SELECTOR = YES;
				GCC_WARN_UNINITIALIZED_AUTOS = YES_AGGRESSIVE;
				GCC_WARN_UNUSED_FUNCTION = YES;
				GCC_WARN_UNUSED_VARIABLE = YES;
				IPHONEOS_DEPLOYMENT_TARGET = 8.3;
				MTL_ENABLE_DEBUG_INFO = YES;
				ONLY_ACTIVE_ARCH = YES;
				SDKROOT = iphoneos;
				SWIFT_OPTIMIZATION_LEVEL = "-Onone";
				TARGETED_DEVICE_FAMILY = "1,2";
			};
			name = Debug;
		};
		19FBBF8C1B1E1F1E00EC9280 /* Release */ = {
			isa = XCBuildConfiguration;
			buildSettings = {
				ALWAYS_SEARCH_USER_PATHS = NO;
				CLANG_CXX_LANGUAGE_STANDARD = "gnu++0x";
				CLANG_CXX_LIBRARY = "libc++";
				CLANG_ENABLE_MODULES = YES;
				CLANG_ENABLE_OBJC_ARC = YES;
				CLANG_WARN_BOOL_CONVERSION = YES;
				CLANG_WARN_CONSTANT_CONVERSION = YES;
				CLANG_WARN_DIRECT_OBJC_ISA_USAGE = YES_ERROR;
				CLANG_WARN_EMPTY_BODY = YES;
				CLANG_WARN_ENUM_CONVERSION = YES;
				CLANG_WARN_INT_CONVERSION = YES;
				CLANG_WARN_OBJC_ROOT_CLASS = YES_ERROR;
				CLANG_WARN_UNREACHABLE_CODE = YES;
				CLANG_WARN__DUPLICATE_METHOD_MATCH = YES;
				"CODE_SIGN_IDENTITY[sdk=iphoneos*]" = "iPhone Developer";
				COPY_PHASE_STRIP = NO;
				DEBUG_INFORMATION_FORMAT = "dwarf-with-dsym";
				ENABLE_NS_ASSERTIONS = NO;
				ENABLE_STRICT_OBJC_MSGSEND = YES;
				GCC_C_LANGUAGE_STANDARD = gnu99;
				GCC_NO_COMMON_BLOCKS = YES;
				GCC_WARN_64_TO_32_BIT_CONVERSION = YES;
				GCC_WARN_ABOUT_RETURN_TYPE = YES_ERROR;
				GCC_WARN_UNDECLARED_SELECTOR = YES;
				GCC_WARN_UNINITIALIZED_AUTOS = YES_AGGRESSIVE;
				GCC_WARN_UNUSED_FUNCTION = YES;
				GCC_WARN_UNUSED_VARIABLE = YES;
				IPHONEOS_DEPLOYMENT_TARGET = 8.3;
				MTL_ENABLE_DEBUG_INFO = NO;
				SDKROOT = iphoneos;
				TARGETED_DEVICE_FAMILY = "1,2";
				VALIDATE_PRODUCT = YES;
			};
			name = Release;
		};
		19FBBF8E1B1E1F1E00EC9280 /* Debug */ = {
			isa = XCBuildConfiguration;
			buildSettings = {
				ASSETCATALOG_COMPILER_APPICON_NAME = AppIcon;
				INFOPLIST_FILE = CollectionActionsFlickerSearch/Info.plist;
				LD_RUNPATH_SEARCH_PATHS = "$(inherited) @executable_path/Frameworks";
				PRODUCT_NAME = "$(TARGET_NAME)";
			};
			name = Debug;
		};
		19FBBF8F1B1E1F1E00EC9280 /* Release */ = {
			isa = XCBuildConfiguration;
			buildSettings = {
				ASSETCATALOG_COMPILER_APPICON_NAME = AppIcon;
				INFOPLIST_FILE = CollectionActionsFlickerSearch/Info.plist;
				LD_RUNPATH_SEARCH_PATHS = "$(inherited) @executable_path/Frameworks";
				PRODUCT_NAME = "$(TARGET_NAME)";
			};
			name = Release;
		};
		19FBBF911B1E1F1E00EC9280 /* Debug */ = {
			isa = XCBuildConfiguration;
			buildSettings = {
				BUNDLE_LOADER = "$(TEST_HOST)";
				FRAMEWORK_SEARCH_PATHS = (
					"$(SDKROOT)/Developer/Library/Frameworks",
					"$(inherited)",
				);
				GCC_PREPROCESSOR_DEFINITIONS = (
					"DEBUG=1",
					"$(inherited)",
				);
				INFOPLIST_FILE = CollectionActionsFlickerSearchTests/Info.plist;
				LD_RUNPATH_SEARCH_PATHS = "$(inherited) @executable_path/Frameworks @loader_path/Frameworks";
				PRODUCT_NAME = "$(TARGET_NAME)";
				TEST_HOST = "$(BUILT_PRODUCTS_DIR)/CollectionActionsFlickerSearch.app/CollectionActionsFlickerSearch";
			};
			name = Debug;
		};
		19FBBF921B1E1F1E00EC9280 /* Release */ = {
			isa = XCBuildConfiguration;
			buildSettings = {
				BUNDLE_LOADER = "$(TEST_HOST)";
				FRAMEWORK_SEARCH_PATHS = (
					"$(SDKROOT)/Developer/Library/Frameworks",
					"$(inherited)",
				);
				INFOPLIST_FILE = CollectionActionsFlickerSearchTests/Info.plist;
				LD_RUNPATH_SEARCH_PATHS = "$(inherited) @executable_path/Frameworks @loader_path/Frameworks";
				PRODUCT_NAME = "$(TARGET_NAME)";
				TEST_HOST = "$(BUILT_PRODUCTS_DIR)/CollectionActionsFlickerSearch.app/CollectionActionsFlickerSearch";
			};
			name = Release;
		};
/* End XCBuildConfiguration section */

/* Begin XCConfigurationList section */
		19FBBF691B1E1F1D00EC9280 /* Build configuration list for PBXProject "CollectionActionsFlickerSearch" */ = {
			isa = XCConfigurationList;
			buildConfigurations = (
				19FBBF8B1B1E1F1E00EC9280 /* Debug */,
				19FBBF8C1B1E1F1E00EC9280 /* Release */,
			);
			defaultConfigurationIsVisible = 0;
			defaultConfigurationName = Release;
		};
		19FBBF8D1B1E1F1E00EC9280 /* Build configuration list for PBXNativeTarget "CollectionActionsFlickerSearch" */ = {
			isa = XCConfigurationList;
			buildConfigurations = (
				19FBBF8E1B1E1F1E00EC9280 /* Debug */,
				19FBBF8F1B1E1F1E00EC9280 /* Release */,
			);
			defaultConfigurationIsVisible = 0;
			defaultConfigurationName = Release;
		};
		19FBBF901B1E1F1E00EC9280 /* Build configuration list for PBXNativeTarget "CollectionActionsFlickerSearchTests" */ = {
			isa = XCConfigurationList;
			buildConfigurations = (
				19FBBF911B1E1F1E00EC9280 /* Debug */,
				19FBBF921B1E1F1E00EC9280 /* Release */,
			);
			defaultConfigurationIsVisible = 0;
			defaultConfigurationName = Release;
		};
/* End XCConfigurationList section */
	};
	rootObject = 19FBBF661B1E1F1D00EC9280 /* Project object */;
}
