// !$*UTF8*$!
{
	archiveVersion = 1;
	classes = {
	};
	objectVersion = 46;
	objects = {

/* Begin PBXBuildFile section */
		196EF8771AE8315F0096051B /* AppDelegate.swift in Sources */ = {isa = PBXBuildFile; fileRef = 196EF8761AE8315F0096051B /* AppDelegate.swift */; };
		196EF8791AE8315F0096051B /* ViewController.swift in Sources */ = {isa = PBXBuildFile; fileRef = 196EF8781AE8315F0096051B /* ViewController.swift */; };
		196EF87C1AE8315F0096051B /* Main.storyboard in Resources */ = {isa = PBXBuildFile; fileRef = 196EF87A1AE8315F0096051B /* Main.storyboard */; };
		196EF87E1AE8315F0096051B /* Images.xcassets in Resources */ = {isa = PBXBuildFile; fileRef = 196EF87D1AE8315F0096051B /* Images.xcassets */; };
		196EF8811AE8315F0096051B /* LaunchScreen.xib in Resources */ = {isa = PBXBuildFile; fileRef = 196EF87F1AE8315F0096051B /* LaunchScreen.xib */; };
		196EF88D1AE8315F0096051B /* FactsSimpleAppTests.swift in Sources */ = {isa = PBXBuildFile; fileRef = 196EF88C1AE8315F0096051B /* FactsSimpleAppTests.swift */; };
		196EF8971AE8379E0096051B /* FactBook.swift in Sources */ = {isa = PBXBuildFile; fileRef = 196EF8961AE8379E0096051B /* FactBook.swift */; };
/* End PBXBuildFile section */

/* Begin PBXContainerItemProxy section */
		196EF8871AE8315F0096051B /* PBXContainerItemProxy */ = {
			isa = PBXContainerItemProxy;
			containerPortal = 196EF8691AE8315F0096051B /* Project object */;
			proxyType = 1;
			remoteGlobalIDString = 196EF8701AE8315F0096051B;
			remoteInfo = FactsSimpleApp;
		};
/* End PBXContainerItemProxy section */

/* Begin PBXFileReference section */
		196EF8711AE8315F0096051B /* FactsSimpleApp.app */ = {isa = PBXFileReference; explicitFileType = wrapper.application; includeInIndex = 0; path = FactsSimpleApp.app; sourceTree = BUILT_PRODUCTS_DIR; };
		196EF8751AE8315F0096051B /* Info.plist */ = {isa = PBXFileReference; lastKnownFileType = text.plist.xml; path = Info.plist; sourceTree = "<group>"; };
		196EF8761AE8315F0096051B /* AppDelegate.swift */ = {isa = PBXFileReference; lastKnownFileType = sourcecode.swift; path = AppDelegate.swift; sourceTree = "<group>"; };
		196EF8781AE8315F0096051B /* ViewController.swift */ = {isa = PBXFileReference; lastKnownFileType = sourcecode.swift; path = ViewController.swift; sourceTree = "<group>"; };
		196EF87B1AE8315F0096051B /* Base */ = {isa = PBXFileReference; lastKnownFileType = file.storyboard; name = Base; path = Base.lproj/Main.storyboard; sourceTree = "<group>"; };
		196EF87D1AE8315F0096051B /* Images.xcassets */ = {isa = PBXFileReference; lastKnownFileType = folder.assetcatalog; path = Images.xcassets; sourceTree = "<group>"; };
		196EF8801AE8315F0096051B /* Base */ = {isa = PBXFileReference; lastKnownFileType = file.xib; name = Base; path = Base.lproj/LaunchScreen.xib; sourceTree = "<group>"; };
		196EF8861AE8315F0096051B /* FactsSimpleAppTests.xctest */ = {isa = PBXFileReference; explicitFileType = wrapper.cfbundle; includeInIndex = 0; path = FactsSimpleAppTests.xctest; sourceTree = BUILT_PRODUCTS_DIR; };
		196EF88B1AE8315F0096051B /* Info.plist */ = {isa = PBXFileReference; lastKnownFileType = text.plist.xml; path = Info.plist; sourceTree = "<group>"; };
		196EF88C1AE8315F0096051B /* FactsSimpleAppTests.swift */ = {isa = PBXFileReference; lastKnownFileType = sourcecode.swift; path = FactsSimpleAppTests.swift; sourceTree = "<group>"; };
		196EF8961AE8379E0096051B /* FactBook.swift */ = {isa = PBXFileReference; fileEncoding = 4; lastKnownFileType = sourcecode.swift; path = FactBook.swift; sourceTree = "<group>"; };
/* End PBXFileReference section */

/* Begin PBXFrameworksBuildPhase section */
		196EF86E1AE8315F0096051B /* Frameworks */ = {
			isa = PBXFrameworksBuildPhase;
			buildActionMask = 2147483647;
			files = (
			);
			runOnlyForDeploymentPostprocessing = 0;
		};
		196EF8831AE8315F0096051B /* Frameworks */ = {
			isa = PBXFrameworksBuildPhase;
			buildActionMask = 2147483647;
			files = (
			);
			runOnlyForDeploymentPostprocessing = 0;
		};
/* End PBXFrameworksBuildPhase section */

/* Begin PBXGroup section */
		196EF8681AE8315F0096051B = {
			isa = PBXGroup;
			children = (
				196EF8731AE8315F0096051B /* FactsSimpleApp */,
				196EF8891AE8315F0096051B /* FactsSimpleAppTests */,
				196EF8721AE8315F0096051B /* Products */,
			);
			sourceTree = "<group>";
		};
		196EF8721AE8315F0096051B /* Products */ = {
			isa = PBXGroup;
			children = (
				196EF8711AE8315F0096051B /* FactsSimpleApp.app */,
				196EF8861AE8315F0096051B /* FactsSimpleAppTests.xctest */,
			);
			name = Products;
			sourceTree = "<group>";
		};
		196EF8731AE8315F0096051B /* FactsSimpleApp */ = {
			isa = PBXGroup;
			children = (
				196EF8761AE8315F0096051B /* AppDelegate.swift */,
				196EF8781AE8315F0096051B /* ViewController.swift */,
				196EF87A1AE8315F0096051B /* Main.storyboard */,
				196EF87D1AE8315F0096051B /* Images.xcassets */,
				196EF87F1AE8315F0096051B /* LaunchScreen.xib */,
				196EF8741AE8315F0096051B /* Supporting Files */,
				196EF8981AE837A40096051B /* Models */,
			);
			path = FactsSimpleApp;
			sourceTree = "<group>";
		};
		196EF8741AE8315F0096051B /* Supporting Files */ = {
			isa = PBXGroup;
			children = (
				196EF8751AE8315F0096051B /* Info.plist */,
			);
			name = "Supporting Files";
			sourceTree = "<group>";
		};
		196EF8891AE8315F0096051B /* FactsSimpleAppTests */ = {
			isa = PBXGroup;
			children = (
				196EF88C1AE8315F0096051B /* FactsSimpleAppTests.swift */,
				196EF88A1AE8315F0096051B /* Supporting Files */,
			);
			path = FactsSimpleAppTests;
			sourceTree = "<group>";
		};
		196EF88A1AE8315F0096051B /* Supporting Files */ = {
			isa = PBXGroup;
			children = (
				196EF88B1AE8315F0096051B /* Info.plist */,
			);
			name = "Supporting Files";
			sourceTree = "<group>";
		};
		196EF8981AE837A40096051B /* Models */ = {
			isa = PBXGroup;
			children = (
				196EF8961AE8379E0096051B /* FactBook.swift */,
			);
			name = Models;
			sourceTree = "<group>";
		};
/* End PBXGroup section */

/* Begin PBXNativeTarget section */
		196EF8701AE8315F0096051B /* FactsSimpleApp */ = {
			isa = PBXNativeTarget;
			buildConfigurationList = 196EF8901AE8315F0096051B /* Build configuration list for PBXNativeTarget "FactsSimpleApp" */;
			buildPhases = (
				196EF86D1AE8315F0096051B /* Sources */,
				196EF86E1AE8315F0096051B /* Frameworks */,
				196EF86F1AE8315F0096051B /* Resources */,
			);
			buildRules = (
			);
			dependencies = (
			);
			name = FactsSimpleApp;
			productName = FactsSimpleApp;
			productReference = 196EF8711AE8315F0096051B /* FactsSimpleApp.app */;
			productType = "com.apple.product-type.application";
		};
		196EF8851AE8315F0096051B /* FactsSimpleAppTests */ = {
			isa = PBXNativeTarget;
			buildConfigurationList = 196EF8931AE8315F0096051B /* Build configuration list for PBXNativeTarget "FactsSimpleAppTests" */;
			buildPhases = (
				196EF8821AE8315F0096051B /* Sources */,
				196EF8831AE8315F0096051B /* Frameworks */,
				196EF8841AE8315F0096051B /* Resources */,
			);
			buildRules = (
			);
			dependencies = (
				196EF8881AE8315F0096051B /* PBXTargetDependency */,
			);
			name = FactsSimpleAppTests;
			productName = FactsSimpleAppTests;
			productReference = 196EF8861AE8315F0096051B /* FactsSimpleAppTests.xctest */;
			productType = "com.apple.product-type.bundle.unit-test";
		};
/* End PBXNativeTarget section */

/* Begin PBXProject section */
		196EF8691AE8315F0096051B /* Project object */ = {
			isa = PBXProject;
			attributes = {
				LastUpgradeCheck = 0630;
				ORGANIZATIONNAME = archangel;
				TargetAttributes = {
					196EF8701AE8315F0096051B = {
						CreatedOnToolsVersion = 6.3;
					};
					196EF8851AE8315F0096051B = {
						CreatedOnToolsVersion = 6.3;
						TestTargetID = 196EF8701AE8315F0096051B;
					};
				};
			};
			buildConfigurationList = 196EF86C1AE8315F0096051B /* Build configuration list for PBXProject "FactsSimpleApp" */;
			compatibilityVersion = "Xcode 3.2";
			developmentRegion = English;
			hasScannedForEncodings = 0;
			knownRegions = (
				en,
				Base,
			);
			mainGroup = 196EF8681AE8315F0096051B;
			productRefGroup = 196EF8721AE8315F0096051B /* Products */;
			projectDirPath = "";
			projectRoot = "";
			targets = (
				196EF8701AE8315F0096051B /* FactsSimpleApp */,
				196EF8851AE8315F0096051B /* FactsSimpleAppTests */,
			);
		};
/* End PBXProject section */

/* Begin PBXResourcesBuildPhase section */
		196EF86F1AE8315F0096051B /* Resources */ = {
			isa = PBXResourcesBuildPhase;
			buildActionMask = 2147483647;
			files = (
				196EF87C1AE8315F0096051B /* Main.storyboard in Resources */,
				196EF8811AE8315F0096051B /* LaunchScreen.xib in Resources */,
				196EF87E1AE8315F0096051B /* Images.xcassets in Resources */,
			);
			runOnlyForDeploymentPostprocessing = 0;
		};
		196EF8841AE8315F0096051B /* Resources */ = {
			isa = PBXResourcesBuildPhase;
			buildActionMask = 2147483647;
			files = (
			);
			runOnlyForDeploymentPostprocessing = 0;
		};
/* End PBXResourcesBuildPhase section */

/* Begin PBXSourcesBuildPhase section */
		196EF86D1AE8315F0096051B /* Sources */ = {
			isa = PBXSourcesBuildPhase;
			buildActionMask = 2147483647;
			files = (
				196EF8971AE8379E0096051B /* FactBook.swift in Sources */,
				196EF8791AE8315F0096051B /* ViewController.swift in Sources */,
				196EF8771AE8315F0096051B /* AppDelegate.swift in Sources */,
			);
			runOnlyForDeploymentPostprocessing = 0;
		};
		196EF8821AE8315F0096051B /* Sources */ = {
			isa = PBXSourcesBuildPhase;
			buildActionMask = 2147483647;
			files = (
				196EF88D1AE8315F0096051B /* FactsSimpleAppTests.swift in Sources */,
			);
			runOnlyForDeploymentPostprocessing = 0;
		};
/* End PBXSourcesBuildPhase section */

/* Begin PBXTargetDependency section */
		196EF8881AE8315F0096051B /* PBXTargetDependency */ = {
			isa = PBXTargetDependency;
			target = 196EF8701AE8315F0096051B /* FactsSimpleApp */;
			targetProxy = 196EF8871AE8315F0096051B /* PBXContainerItemProxy */;
		};
/* End PBXTargetDependency section */

/* Begin PBXVariantGroup section */
		196EF87A1AE8315F0096051B /* Main.storyboard */ = {
			isa = PBXVariantGroup;
			children = (
				196EF87B1AE8315F0096051B /* Base */,
			);
			name = Main.storyboard;
			sourceTree = "<group>";
		};
		196EF87F1AE8315F0096051B /* LaunchScreen.xib */ = {
			isa = PBXVariantGroup;
			children = (
				196EF8801AE8315F0096051B /* Base */,
			);
			name = LaunchScreen.xib;
			sourceTree = "<group>";
		};
/* End PBXVariantGroup section */

/* Begin XCBuildConfiguration section */
		196EF88E1AE8315F0096051B /* Debug */ = {
			isa = XCBuildConfiguration;
			buildSettings = {
				ALWAYS_SEARCH_USER_PATHS = NO;
				CLANG_CXX_LANGUAGE_STANDARD = "gnu++0x";
				CLANG_CXX_LIBRARY = "libc++";
				CLANG_ENABLE_MODULES = YES;
				CLANG_ENABLE_OBJC_ARC = YES;
				CLANG_WARN_BOOL_CONVERSION = YES;
				CLANG_WARN_CONSTANT_CONVERSION = YES;
				CLANG_WARN_DIRECT_OBJC_ISA_USAGE = YES_ERROR;
				CLANG_WARN_EMPTY_BODY = YES;
				CLANG_WARN_ENUM_CONVERSION = YES;
				CLANG_WARN_INT_CONVERSION = YES;
				CLANG_WARN_OBJC_ROOT_CLASS = YES_ERROR;
				CLANG_WARN_UNREACHABLE_CODE = YES;
				CLANG_WARN__DUPLICATE_METHOD_MATCH = YES;
				"CODE_SIGN_IDENTITY[sdk=iphoneos*]" = "iPhone Developer";
				COPY_PHASE_STRIP = NO;
				DEBUG_INFORMATION_FORMAT = "dwarf-with-dsym";
				ENABLE_STRICT_OBJC_MSGSEND = YES;
				GCC_C_LANGUAGE_STANDARD = gnu99;
				GCC_DYNAMIC_NO_PIC = NO;
				GCC_NO_COMMON_BLOCKS = YES;
				GCC_OPTIMIZATION_LEVEL = 0;
				GCC_PREPROCESSOR_DEFINITIONS = (
					"DEBUG=1",
					"$(inherited)",
				);
				GCC_SYMBOLS_PRIVATE_EXTERN = NO;
				GCC_WARN_64_TO_32_BIT_CONVERSION = YES;
				GCC_WARN_ABOUT_RETURN_TYPE = YES_ERROR;
				GCC_WARN_UNDECLARED_SELECTOR = YES;
				GCC_WARN_UNINITIALIZED_AUTOS = YES_AGGRESSIVE;
				GCC_WARN_UNUSED_FUNCTION = YES;
				GCC_WARN_UNUSED_VARIABLE = YES;
				IPHONEOS_DEPLOYMENT_TARGET = 8.3;
				MTL_ENABLE_DEBUG_INFO = YES;
				ONLY_ACTIVE_ARCH = YES;
				SDKROOT = iphoneos;
				SWIFT_OPTIMIZATION_LEVEL = "-Onone";
			};
			name = Debug;
		};
		196EF88F1AE8315F0096051B /* Release */ = {
			isa = XCBuildConfiguration;
			buildSettings = {
				ALWAYS_SEARCH_USER_PATHS = NO;
				CLANG_CXX_LANGUAGE_STANDARD = "gnu++0x";
				CLANG_CXX_LIBRARY = "libc++";
				CLANG_ENABLE_MODULES = YES;
				CLANG_ENABLE_OBJC_ARC = YES;
				CLANG_WARN_BOOL_CONVERSION = YES;
				CLANG_WARN_CONSTANT_CONVERSION = YES;
				CLANG_WARN_DIRECT_OBJC_ISA_USAGE = YES_ERROR;
				CLANG_WARN_EMPTY_BODY = YES;
				CLANG_WARN_ENUM_CONVERSION = YES;
				CLANG_WARN_INT_CONVERSION = YES;
				CLANG_WARN_OBJC_ROOT_CLASS = YES_ERROR;
				CLANG_WARN_UNREACHABLE_CODE = YES;
				CLANG_WARN__DUPLICATE_METHOD_MATCH = YES;
				"CODE_SIGN_IDENTITY[sdk=iphoneos*]" = "iPhone Developer";
				COPY_PHASE_STRIP = NO;
				DEBUG_INFORMATION_FORMAT = "dwarf-with-dsym";
				ENABLE_NS_ASSERTIONS = NO;
				ENABLE_STRICT_OBJC_MSGSEND = YES;
				GCC_C_LANGUAGE_STANDARD = gnu99;
				GCC_NO_COMMON_BLOCKS = YES;
				GCC_WARN_64_TO_32_BIT_CONVERSION = YES;
				GCC_WARN_ABOUT_RETURN_TYPE = YES_ERROR;
				GCC_WARN_UNDECLARED_SELECTOR = YES;
				GCC_WARN_UNINITIALIZED_AUTOS = YES_AGGRESSIVE;
				GCC_WARN_UNUSED_FUNCTION = YES;
				GCC_WARN_UNUSED_VARIABLE = YES;
				IPHONEOS_DEPLOYMENT_TARGET = 8.3;
				MTL_ENABLE_DEBUG_INFO = NO;
				SDKROOT = iphoneos;
				VALIDATE_PRODUCT = YES;
			};
			name = Release;
		};
		196EF8911AE8315F0096051B /* Debug */ = {
			isa = XCBuildConfiguration;
			buildSettings = {
				ASSETCATALOG_COMPILER_APPICON_NAME = AppIcon;
				INFOPLIST_FILE = FactsSimpleApp/Info.plist;
				LD_RUNPATH_SEARCH_PATHS = "$(inherited) @executable_path/Frameworks";
				PRODUCT_NAME = "$(TARGET_NAME)";
			};
			name = Debug;
		};
		196EF8921AE8315F0096051B /* Release */ = {
			isa = XCBuildConfiguration;
			buildSettings = {
				ASSETCATALOG_COMPILER_APPICON_NAME = AppIcon;
				INFOPLIST_FILE = FactsSimpleApp/Info.plist;
				LD_RUNPATH_SEARCH_PATHS = "$(inherited) @executable_path/Frameworks";
				PRODUCT_NAME = "$(TARGET_NAME)";
			};
			name = Release;
		};
		196EF8941AE8315F0096051B /* Debug */ = {
			isa = XCBuildConfiguration;
			buildSettings = {
				BUNDLE_LOADER = "$(TEST_HOST)";
				FRAMEWORK_SEARCH_PATHS = (
					"$(SDKROOT)/Developer/Library/Frameworks",
					"$(inherited)",
				);
				GCC_PREPROCESSOR_DEFINITIONS = (
					"DEBUG=1",
					"$(inherited)",
				);
				INFOPLIST_FILE = FactsSimpleAppTests/Info.plist;
				LD_RUNPATH_SEARCH_PATHS = "$(inherited) @executable_path/Frameworks @loader_path/Frameworks";
				PRODUCT_NAME = "$(TARGET_NAME)";
				TEST_HOST = "$(BUILT_PRODUCTS_DIR)/FactsSimpleApp.app/FactsSimpleApp";
			};
			name = Debug;
		};
		196EF8951AE8315F0096051B /* Release */ = {
			isa = XCBuildConfiguration;
			buildSettings = {
				BUNDLE_LOADER = "$(TEST_HOST)";
				FRAMEWORK_SEARCH_PATHS = (
					"$(SDKROOT)/Developer/Library/Frameworks",
					"$(inherited)",
				);
				INFOPLIST_FILE = FactsSimpleAppTests/Info.plist;
				LD_RUNPATH_SEARCH_PATHS = "$(inherited) @executable_path/Frameworks @loader_path/Frameworks";
				PRODUCT_NAME = "$(TARGET_NAME)";
				TEST_HOST = "$(BUILT_PRODUCTS_DIR)/FactsSimpleApp.app/FactsSimpleApp";
			};
			name = Release;
		};
/* End XCBuildConfiguration section */

/* Begin XCConfigurationList section */
		196EF86C1AE8315F0096051B /* Build configuration list for PBXProject "FactsSimpleApp" */ = {
			isa = XCConfigurationList;
			buildConfigurations = (
				196EF88E1AE8315F0096051B /* Debug */,
				196EF88F1AE8315F0096051B /* Release */,
			);
			defaultConfigurationIsVisible = 0;
			defaultConfigurationName = Release;
		};
		196EF8901AE8315F0096051B /* Build configuration list for PBXNativeTarget "FactsSimpleApp" */ = {
			isa = XCConfigurationList;
			buildConfigurations = (
				196EF8911AE8315F0096051B /* Debug */,
				196EF8921AE8315F0096051B /* Release */,
			);
			defaultConfigurationIsVisible = 0;
		};
		196EF8931AE8315F0096051B /* Build configuration list for PBXNativeTarget "FactsSimpleAppTests" */ = {
			isa = XCConfigurationList;
			buildConfigurations = (
				196EF8941AE8315F0096051B /* Debug */,
				196EF8951AE8315F0096051B /* Release */,
			);
			defaultConfigurationIsVisible = 0;
		};
/* End XCConfigurationList section */
	};
	rootObject = 196EF8691AE8315F0096051B /* Project object */;
}
