// !$*UTF8*$!
{
	archiveVersion = 1;
	classes = {
	};
	objectVersion = 46;
	objects = {

/* Begin PBXBuildFile section */
		1934F1C11CB79E2A002A2B3F /* AppDelegate.swift in Sources */ = {isa = PBXBuildFile; fileRef = 1934F1C01CB79E2A002A2B3F /* AppDelegate.swift */; };
		1934F1C31CB79E2A002A2B3F /* ViewController.swift in Sources */ = {isa = PBXBuildFile; fileRef = 1934F1C21CB79E2A002A2B3F /* ViewController.swift */; };
		1934F1C61CB79E2A002A2B3F /* Main.storyboard in Resources */ = {isa = PBXBuildFile; fileRef = 1934F1C41CB79E2A002A2B3F /* Main.storyboard */; };
		1934F1C81CB79E2A002A2B3F /* Assets.xcassets in Resources */ = {isa = PBXBuildFile; fileRef = 1934F1C71CB79E2A002A2B3F /* Assets.xcassets */; };
		1934F1CB1CB79E2A002A2B3F /* LaunchScreen.storyboard in Resources */ = {isa = PBXBuildFile; fileRef = 1934F1C91CB79E2A002A2B3F /* LaunchScreen.storyboard */; };
		1934F1D31CB7AB23002A2B3F /* LogoutViewController.swift in Sources */ = {isa = PBXBuildFile; fileRef = 1934F1D21CB7AB23002A2B3F /* LogoutViewController.swift */; };
		CB973FC0C4EF78094DF7D55E /* Pods_SocialLogins.framework in Frameworks */ = {isa = PBXBuildFile; fileRef = BB353CEBD74AEFCD180F2F7A /* Pods_SocialLogins.framework */; };
/* End PBXBuildFile section */

/* Begin PBXFileReference section */
		1934F1BD1CB79E2A002A2B3F /* SocialLogins.app */ = {isa = PBXFileReference; explicitFileType = wrapper.application; includeInIndex = 0; path = SocialLogins.app; sourceTree = BUILT_PRODUCTS_DIR; };
		1934F1C01CB79E2A002A2B3F /* AppDelegate.swift */ = {isa = PBXFileReference; lastKnownFileType = sourcecode.swift; path = AppDelegate.swift; sourceTree = "<group>"; };
		1934F1C21CB79E2A002A2B3F /* ViewController.swift */ = {isa = PBXFileReference; lastKnownFileType = sourcecode.swift; path = ViewController.swift; sourceTree = "<group>"; };
		1934F1C51CB79E2A002A2B3F /* Base */ = {isa = PBXFileReference; lastKnownFileType = file.storyboard; name = Base; path = Base.lproj/Main.storyboard; sourceTree = "<group>"; };
		1934F1C71CB79E2A002A2B3F /* Assets.xcassets */ = {isa = PBXFileReference; lastKnownFileType = folder.assetcatalog; path = Assets.xcassets; sourceTree = "<group>"; };
		1934F1CA1CB79E2A002A2B3F /* Base */ = {isa = PBXFileReference; lastKnownFileType = file.storyboard; name = Base; path = Base.lproj/LaunchScreen.storyboard; sourceTree = "<group>"; };
		1934F1CC1CB79E2A002A2B3F /* Info.plist */ = {isa = PBXFileReference; lastKnownFileType = text.plist.xml; path = Info.plist; sourceTree = "<group>"; };
		1934F1D21CB7AB23002A2B3F /* LogoutViewController.swift */ = {isa = PBXFileReference; fileEncoding = 4; lastKnownFileType = sourcecode.swift; path = LogoutViewController.swift; sourceTree = "<group>"; };
		9CD80EEE0A0D56102498867F /* Pods-SocialLogins.debug.xcconfig */ = {isa = PBXFileReference; includeInIndex = 1; lastKnownFileType = text.xcconfig; name = "Pods-SocialLogins.debug.xcconfig"; path = "Pods/Target Support Files/Pods-SocialLogins/Pods-SocialLogins.debug.xcconfig"; sourceTree = "<group>"; };
		BB353CEBD74AEFCD180F2F7A /* Pods_SocialLogins.framework */ = {isa = PBXFileReference; explicitFileType = wrapper.framework; includeInIndex = 0; path = Pods_SocialLogins.framework; sourceTree = BUILT_PRODUCTS_DIR; };
		C9A0ECE5E0A7511C3C78BEBD /* Pods-SocialLogins.release.xcconfig */ = {isa = PBXFileReference; includeInIndex = 1; lastKnownFileType = text.xcconfig; name = "Pods-SocialLogins.release.xcconfig"; path = "Pods/Target Support Files/Pods-SocialLogins/Pods-SocialLogins.release.xcconfig"; sourceTree = "<group>"; };
/* End PBXFileReference section */

/* Begin PBXFrameworksBuildPhase section */
		1934F1BA1CB79E2A002A2B3F /* Frameworks */ = {
			isa = PBXFrameworksBuildPhase;
			buildActionMask = 2147483647;
			files = (
				CB973FC0C4EF78094DF7D55E /* Pods_SocialLogins.framework in Frameworks */,
			);
			runOnlyForDeploymentPostprocessing = 0;
		};
/* End PBXFrameworksBuildPhase section */

/* Begin PBXGroup section */
		1934F1B41CB79E2A002A2B3F = {
			isa = PBXGroup;
			children = (
				1934F1BF1CB79E2A002A2B3F /* SocialLogins */,
				1934F1BE1CB79E2A002A2B3F /* Products */,
				52F9270005E824BF2C23F548 /* Pods */,
				FCF6AC8F8A51C777F810A518 /* Frameworks */,
			);
			sourceTree = "<group>";
		};
		1934F1BE1CB79E2A002A2B3F /* Products */ = {
			isa = PBXGroup;
			children = (
				1934F1BD1CB79E2A002A2B3F /* SocialLogins.app */,
			);
			name = Products;
			sourceTree = "<group>";
		};
		1934F1BF1CB79E2A002A2B3F /* SocialLogins */ = {
			isa = PBXGroup;
			children = (
				1934F1C01CB79E2A002A2B3F /* AppDelegate.swift */,
				1934F1C21CB79E2A002A2B3F /* ViewController.swift */,
				1934F1C41CB79E2A002A2B3F /* Main.storyboard */,
				1934F1C71CB79E2A002A2B3F /* Assets.xcassets */,
				1934F1C91CB79E2A002A2B3F /* LaunchScreen.storyboard */,
				1934F1CC1CB79E2A002A2B3F /* Info.plist */,
				1934F1D21CB7AB23002A2B3F /* LogoutViewController.swift */,
			);
			path = SocialLogins;
			sourceTree = "<group>";
		};
		52F9270005E824BF2C23F548 /* Pods */ = {
			isa = PBXGroup;
			children = (
				9CD80EEE0A0D56102498867F /* Pods-SocialLogins.debug.xcconfig */,
				C9A0ECE5E0A7511C3C78BEBD /* Pods-SocialLogins.release.xcconfig */,
			);
			name = Pods;
			sourceTree = "<group>";
		};
		FCF6AC8F8A51C777F810A518 /* Frameworks */ = {
			isa = PBXGroup;
			children = (
				BB353CEBD74AEFCD180F2F7A /* Pods_SocialLogins.framework */,
			);
			name = Frameworks;
			sourceTree = "<group>";
		};
/* End PBXGroup section */

/* Begin PBXNativeTarget section */
		1934F1BC1CB79E2A002A2B3F /* SocialLogins */ = {
			isa = PBXNativeTarget;
			buildConfigurationList = 1934F1CF1CB79E2A002A2B3F /* Build configuration list for PBXNativeTarget "SocialLogins" */;
			buildPhases = (
				F6310634637659F5670DFD82 /* Check Pods Manifest.lock */,
				1934F1B91CB79E2A002A2B3F /* Sources */,
				1934F1BA1CB79E2A002A2B3F /* Frameworks */,
				1934F1BB1CB79E2A002A2B3F /* Resources */,
				DAA3F632958AC7D20BB6DB41 /* Embed Pods Frameworks */,
				5A1F2DFD91888F454643F5F9 /* Copy Pods Resources */,
			);
			buildRules = (
			);
			dependencies = (
			);
			name = SocialLogins;
			productName = SocialLogins;
			productReference = 1934F1BD1CB79E2A002A2B3F /* SocialLogins.app */;
			productType = "com.apple.product-type.application";
		};
/* End PBXNativeTarget section */

/* Begin PBXProject section */
		1934F1B51CB79E2A002A2B3F /* Project object */ = {
			isa = PBXProject;
			attributes = {
				LastSwiftUpdateCheck = 0730;
				LastUpgradeCheck = 0730;
				ORGANIZATIONNAME = archangel;
				TargetAttributes = {
					1934F1BC1CB79E2A002A2B3F = {
						CreatedOnToolsVersion = 7.3;
						DevelopmentTeam = 386YK5S33Z;
					};
				};
			};
			buildConfigurationList = 1934F1B81CB79E2A002A2B3F /* Build configuration list for PBXProject "SocialLogins" */;
			compatibilityVersion = "Xcode 3.2";
			developmentRegion = English;
			hasScannedForEncodings = 0;
			knownRegions = (
				en,
				Base,
			);
			mainGroup = 1934F1B41CB79E2A002A2B3F;
			productRefGroup = 1934F1BE1CB79E2A002A2B3F /* Products */;
			projectDirPath = "";
			projectRoot = "";
			targets = (
				1934F1BC1CB79E2A002A2B3F /* SocialLogins */,
			);
		};
/* End PBXProject section */

/* Begin PBXResourcesBuildPhase section */
		1934F1BB1CB79E2A002A2B3F /* Resources */ = {
			isa = PBXResourcesBuildPhase;
			buildActionMask = 2147483647;
			files = (
				1934F1CB1CB79E2A002A2B3F /* LaunchScreen.storyboard in Resources */,
				1934F1C81CB79E2A002A2B3F /* Assets.xcassets in Resources */,
				1934F1C61CB79E2A002A2B3F /* Main.storyboard in Resources */,
			);
			runOnlyForDeploymentPostprocessing = 0;
		};
/* End PBXResourcesBuildPhase section */

/* Begin PBXShellScriptBuildPhase section */
		5A1F2DFD91888F454643F5F9 /* Copy Pods Resources */ = {
			isa = PBXShellScriptBuildPhase;
			buildActionMask = 2147483647;
			files = (
			);
			inputPaths = (
			);
			name = "Copy Pods Resources";
			outputPaths = (
			);
			runOnlyForDeploymentPostprocessing = 0;
			shellPath = /bin/sh;
			shellScript = "\"${SRCROOT}/Pods/Target Support Files/Pods-SocialLogins/Pods-SocialLogins-resources.sh\"\n";
			showEnvVarsInLog = 0;
		};
		DAA3F632958AC7D20BB6DB41 /* Embed Pods Frameworks */ = {
			isa = PBXShellScriptBuildPhase;
			buildActionMask = 2147483647;
			files = (
			);
			inputPaths = (
			);
			name = "Embed Pods Frameworks";
			outputPaths = (
			);
			runOnlyForDeploymentPostprocessing = 0;
			shellPath = /bin/sh;
			shellScript = "\"${SRCROOT}/Pods/Target Support Files/Pods-SocialLogins/Pods-SocialLogins-frameworks.sh\"\n";
			showEnvVarsInLog = 0;
		};
		F6310634637659F5670DFD82 /* Check Pods Manifest.lock */ = {
			isa = PBXShellScriptBuildPhase;
			buildActionMask = 2147483647;
			files = (
			);
			inputPaths = (
			);
			name = "Check Pods Manifest.lock";
			outputPaths = (
			);
			runOnlyForDeploymentPostprocessing = 0;
			shellPath = /bin/sh;
			shellScript = "diff \"${PODS_ROOT}/../Podfile.lock\" \"${PODS_ROOT}/Manifest.lock\" > /dev/null\nif [[ $? != 0 ]] ; then\n    cat << EOM\nerror: The sandbox is not in sync with the Podfile.lock. Run 'pod install' or update your CocoaPods installation.\nEOM\n    exit 1\nfi\n";
			showEnvVarsInLog = 0;
		};
/* End PBXShellScriptBuildPhase section */

/* Begin PBXSourcesBuildPhase section */
		1934F1B91CB79E2A002A2B3F /* Sources */ = {
			isa = PBXSourcesBuildPhase;
			buildActionMask = 2147483647;
			files = (
				1934F1C31CB79E2A002A2B3F /* ViewController.swift in Sources */,
				1934F1D31CB7AB23002A2B3F /* LogoutViewController.swift in Sources */,
				1934F1C11CB79E2A002A2B3F /* AppDelegate.swift in Sources */,
			);
			runOnlyForDeploymentPostprocessing = 0;
		};
/* End PBXSourcesBuildPhase section */

/* Begin PBXVariantGroup section */
		1934F1C41CB79E2A002A2B3F /* Main.storyboard */ = {
			isa = PBXVariantGroup;
			children = (
				1934F1C51CB79E2A002A2B3F /* Base */,
			);
			name = Main.storyboard;
			sourceTree = "<group>";
		};
		1934F1C91CB79E2A002A2B3F /* LaunchScreen.storyboard */ = {
			isa = PBXVariantGroup;
			children = (
				1934F1CA1CB79E2A002A2B3F /* Base */,
			);
			name = LaunchScreen.storyboard;
			sourceTree = "<group>";
		};
/* End PBXVariantGroup section */

/* Begin XCBuildConfiguration section */
		1934F1CD1CB79E2A002A2B3F /* Debug */ = {
			isa = XCBuildConfiguration;
			buildSettings = {
				ALWAYS_SEARCH_USER_PATHS = NO;
				CLANG_ANALYZER_NONNULL = YES;
				CLANG_CXX_LANGUAGE_STANDARD = "gnu++0x";
				CLANG_CXX_LIBRARY = "libc++";
				CLANG_ENABLE_MODULES = YES;
				CLANG_ENABLE_OBJC_ARC = YES;
				CLANG_WARN_BOOL_CONVERSION = YES;
				CLANG_WARN_CONSTANT_CONVERSION = YES;
				CLANG_WARN_DIRECT_OBJC_ISA_USAGE = YES_ERROR;
				CLANG_WARN_EMPTY_BODY = YES;
				CLANG_WARN_ENUM_CONVERSION = YES;
				CLANG_WARN_INT_CONVERSION = YES;
				CLANG_WARN_OBJC_ROOT_CLASS = YES_ERROR;
				CLANG_WARN_UNREACHABLE_CODE = YES;
				CLANG_WARN__DUPLICATE_METHOD_MATCH = YES;
				"CODE_SIGN_IDENTITY[sdk=iphoneos*]" = "iPhone Developer";
				COPY_PHASE_STRIP = NO;
				DEBUG_INFORMATION_FORMAT = dwarf;
				ENABLE_STRICT_OBJC_MSGSEND = YES;
				ENABLE_TESTABILITY = YES;
				GCC_C_LANGUAGE_STANDARD = gnu99;
				GCC_DYNAMIC_NO_PIC = NO;
				GCC_NO_COMMON_BLOCKS = YES;
				GCC_OPTIMIZATION_LEVEL = 0;
				GCC_PREPROCESSOR_DEFINITIONS = (
					"DEBUG=1",
					"$(inherited)",
				);
				GCC_WARN_64_TO_32_BIT_CONVERSION = YES;
				GCC_WARN_ABOUT_RETURN_TYPE = YES_ERROR;
				GCC_WARN_UNDECLARED_SELECTOR = YES;
				GCC_WARN_UNINITIALIZED_AUTOS = YES_AGGRESSIVE;
				GCC_WARN_UNUSED_FUNCTION = YES;
				GCC_WARN_UNUSED_VARIABLE = YES;
				IPHONEOS_DEPLOYMENT_TARGET = 9.3;
				MTL_ENABLE_DEBUG_INFO = YES;
				ONLY_ACTIVE_ARCH = YES;
				SDKROOT = iphoneos;
				SWIFT_OPTIMIZATION_LEVEL = "-Onone";
			};
			name = Debug;
		};
		1934F1CE1CB79E2A002A2B3F /* Release */ = {
			isa = XCBuildConfiguration;
			buildSettings = {
				ALWAYS_SEARCH_USER_PATHS = NO;
				CLANG_ANALYZER_NONNULL = YES;
				CLANG_CXX_LANGUAGE_STANDARD = "gnu++0x";
				CLANG_CXX_LIBRARY = "libc++";
				CLANG_ENABLE_MODULES = YES;
				CLANG_ENABLE_OBJC_ARC = YES;
				CLANG_WARN_BOOL_CONVERSION = YES;
				CLANG_WARN_CONSTANT_CONVERSION = YES;
				CLANG_WARN_DIRECT_OBJC_ISA_USAGE = YES_ERROR;
				CLANG_WARN_EMPTY_BODY = YES;
				CLANG_WARN_ENUM_CONVERSION = YES;
				CLANG_WARN_INT_CONVERSION = YES;
				CLANG_WARN_OBJC_ROOT_CLASS = YES_ERROR;
				CLANG_WARN_UNREACHABLE_CODE = YES;
				CLANG_WARN__DUPLICATE_METHOD_MATCH = YES;
				"CODE_SIGN_IDENTITY[sdk=iphoneos*]" = "iPhone Developer";
				COPY_PHASE_STRIP = NO;
				DEBUG_INFORMATION_FORMAT = "dwarf-with-dsym";
				ENABLE_NS_ASSERTIONS = NO;
				ENABLE_STRICT_OBJC_MSGSEND = YES;
				GCC_C_LANGUAGE_STANDARD = gnu99;
				GCC_NO_COMMON_BLOCKS = YES;
				GCC_WARN_64_TO_32_BIT_CONVERSION = YES;
				GCC_WARN_ABOUT_RETURN_TYPE = YES_ERROR;
				GCC_WARN_UNDECLARED_SELECTOR = YES;
				GCC_WARN_UNINITIALIZED_AUTOS = YES_AGGRESSIVE;
				GCC_WARN_UNUSED_FUNCTION = YES;
				GCC_WARN_UNUSED_VARIABLE = YES;
				IPHONEOS_DEPLOYMENT_TARGET = 9.3;
				MTL_ENABLE_DEBUG_INFO = NO;
				SDKROOT = iphoneos;
				VALIDATE_PRODUCT = YES;
			};
			name = Release;
		};
		1934F1D01CB79E2A002A2B3F /* Debug */ = {
			isa = XCBuildConfiguration;
			baseConfigurationReference = 9CD80EEE0A0D56102498867F /* Pods-SocialLogins.debug.xcconfig */;
			buildSettings = {
				ASSETCATALOG_COMPILER_APPICON_NAME = AppIcon;
				CODE_SIGN_IDENTITY = "iPhone Developer";
				INFOPLIST_FILE = SocialLogins/Info.plist;
				IPHONEOS_DEPLOYMENT_TARGET = 8.0;
				LD_RUNPATH_SEARCH_PATHS = "$(inherited) @executable_path/Frameworks";
				PRODUCT_BUNDLE_IDENTIFIER = com.testapp.PushNotifications;
				PRODUCT_NAME = "$(TARGET_NAME)";
			};
			name = Debug;
		};
		1934F1D11CB79E2A002A2B3F /* Release */ = {
			isa = XCBuildConfiguration;
			baseConfigurationReference = C9A0ECE5E0A7511C3C78BEBD /* Pods-SocialLogins.release.xcconfig */;
			buildSettings = {
				ASSETCATALOG_COMPILER_APPICON_NAME = AppIcon;
				CODE_SIGN_IDENTITY = "iPhone Developer";
				INFOPLIST_FILE = SocialLogins/Info.plist;
				IPHONEOS_DEPLOYMENT_TARGET = 8.0;
				LD_RUNPATH_SEARCH_PATHS = "$(inherited) @executable_path/Frameworks";
				PRODUCT_BUNDLE_IDENTIFIER = com.testapp.PushNotifications;
				PRODUCT_NAME = "$(TARGET_NAME)";
			};
			name = Release;
		};
/* End XCBuildConfiguration section */

/* Begin XCConfigurationList section */
		1934F1B81CB79E2A002A2B3F /* Build configuration list for PBXProject "SocialLogins" */ = {
			isa = XCConfigurationList;
			buildConfigurations = (
				1934F1CD1CB79E2A002A2B3F /* Debug */,
				1934F1CE1CB79E2A002A2B3F /* Release */,
			);
			defaultConfigurationIsVisible = 0;
			defaultConfigurationName = Release;
		};
		1934F1CF1CB79E2A002A2B3F /* Build configuration list for PBXNativeTarget "SocialLogins" */ = {
			isa = XCConfigurationList;
			buildConfigurations = (
				1934F1D01CB79E2A002A2B3F /* Debug */,
				1934F1D11CB79E2A002A2B3F /* Release */,
			);
			defaultConfigurationIsVisible = 0;
			defaultConfigurationName = Release;
		};
/* End XCConfigurationList section */
	};
	rootObject = 1934F1B51CB79E2A002A2B3F /* Project object */;
}
