// !$*UTF8*$!
{
	archiveVersion = 1;
	classes = {
	};
	objectVersion = 46;
	objects = {

/* Begin PBXBuildFile section */
		1920AA721D6DB37B00567FE2 /* AppDelegate.swift in Sources */ = {isa = PBXBuildFile; fileRef = 1920AA711D6DB37B00567FE2 /* AppDelegate.swift */; };
		1920AA741D6DB37B00567FE2 /* ViewController.swift in Sources */ = {isa = PBXBuildFile; fileRef = 1920AA731D6DB37B00567FE2 /* ViewController.swift */; };
		1920AA771D6DB37B00567FE2 /* Main.storyboard in Resources */ = {isa = PBXBuildFile; fileRef = 1920AA751D6DB37B00567FE2 /* Main.storyboard */; };
		1920AA7A1D6DB37B00567FE2 /* Proj2_BowTie.xcdatamodeld in Sources */ = {isa = PBXBuildFile; fileRef = 1920AA781D6DB37B00567FE2 /* Proj2_BowTie.xcdatamodeld */; };
		1920AA7C1D6DB37B00567FE2 /* Assets.xcassets in Resources */ = {isa = PBXBuildFile; fileRef = 1920AA7B1D6DB37B00567FE2 /* Assets.xcassets */; };
		1920AA7F1D6DB37B00567FE2 /* LaunchScreen.storyboard in Resources */ = {isa = PBXBuildFile; fileRef = 1920AA7D1D6DB37B00567FE2 /* LaunchScreen.storyboard */; };
		1920AA871D6DB3BF00567FE2 /* TiesData.plist in Resources */ = {isa = PBXBuildFile; fileRef = 1920AA861D6DB3BF00567FE2 /* TiesData.plist */; };
		1920AA8E1D6DBED400567FE2 /* Bowtie+CoreDataProperties.swift in Sources */ = {isa = PBXBuildFile; fileRef = 1920AA8C1D6DBED400567FE2 /* Bowtie+CoreDataProperties.swift */; };
		1920AA8F1D6DBED400567FE2 /* Bowtie.swift in Sources */ = {isa = PBXBuildFile; fileRef = 1920AA8D1D6DBED400567FE2 /* Bowtie.swift */; };
/* End PBXBuildFile section */

/* Begin PBXFileReference section */
		1920AA6E1D6DB37B00567FE2 /* Proj2-BowTie.app */ = {isa = PBXFileReference; explicitFileType = wrapper.application; includeInIndex = 0; path = "Proj2-BowTie.app"; sourceTree = BUILT_PRODUCTS_DIR; };
		1920AA711D6DB37B00567FE2 /* AppDelegate.swift */ = {isa = PBXFileReference; lastKnownFileType = sourcecode.swift; path = AppDelegate.swift; sourceTree = "<group>"; };
		1920AA731D6DB37B00567FE2 /* ViewController.swift */ = {isa = PBXFileReference; lastKnownFileType = sourcecode.swift; path = ViewController.swift; sourceTree = "<group>"; };
		1920AA761D6DB37B00567FE2 /* Base */ = {isa = PBXFileReference; lastKnownFileType = file.storyboard; name = Base; path = Base.lproj/Main.storyboard; sourceTree = "<group>"; };
		1920AA791D6DB37B00567FE2 /* Proj2_BowTie.xcdatamodel */ = {isa = PBXFileReference; lastKnownFileType = wrapper.xcdatamodel; path = Proj2_BowTie.xcdatamodel; sourceTree = "<group>"; };
		1920AA7B1D6DB37B00567FE2 /* Assets.xcassets */ = {isa = PBXFileReference; lastKnownFileType = folder.assetcatalog; path = Assets.xcassets; sourceTree = "<group>"; };
		1920AA7E1D6DB37B00567FE2 /* Base */ = {isa = PBXFileReference; lastKnownFileType = file.storyboard; name = Base; path = Base.lproj/LaunchScreen.storyboard; sourceTree = "<group>"; };
		1920AA801D6DB37B00567FE2 /* Info.plist */ = {isa = PBXFileReference; lastKnownFileType = text.plist.xml; path = Info.plist; sourceTree = "<group>"; };
		1920AA861D6DB3BF00567FE2 /* TiesData.plist */ = {isa = PBXFileReference; fileEncoding = 4; lastKnownFileType = text.plist.xml; path = TiesData.plist; sourceTree = "<group>"; };
		1920AA8C1D6DBED400567FE2 /* Bowtie+CoreDataProperties.swift */ = {isa = PBXFileReference; fileEncoding = 4; lastKnownFileType = sourcecode.swift; path = "Bowtie+CoreDataProperties.swift"; sourceTree = "<group>"; };
		1920AA8D1D6DBED400567FE2 /* Bowtie.swift */ = {isa = PBXFileReference; fileEncoding = 4; lastKnownFileType = sourcecode.swift; path = Bowtie.swift; sourceTree = "<group>"; };
/* End PBXFileReference section */

/* Begin PBXFrameworksBuildPhase section */
		1920AA6B1D6DB37B00567FE2 /* Frameworks */ = {
			isa = PBXFrameworksBuildPhase;
			buildActionMask = 2147483647;
			files = (
			);
			runOnlyForDeploymentPostprocessing = 0;
		};
/* End PBXFrameworksBuildPhase section */

/* Begin PBXGroup section */
		1920AA651D6DB37B00567FE2 = {
			isa = PBXGroup;
			children = (
				1920AA701D6DB37B00567FE2 /* Proj2-BowTie */,
				1920AA6F1D6DB37B00567FE2 /* Products */,
			);
			sourceTree = "<group>";
		};
		1920AA6F1D6DB37B00567FE2 /* Products */ = {
			isa = PBXGroup;
			children = (
				1920AA6E1D6DB37B00567FE2 /* Proj2-BowTie.app */,
			);
			name = Products;
			sourceTree = "<group>";
		};
		1920AA701D6DB37B00567FE2 /* Proj2-BowTie */ = {
			isa = PBXGroup;
			children = (
				1920AA901D6DBEDD00567FE2 /* ManagedObjectModels */,
				1920AA711D6DB37B00567FE2 /* AppDelegate.swift */,
				1920AA731D6DB37B00567FE2 /* ViewController.swift */,
				1920AA751D6DB37B00567FE2 /* Main.storyboard */,
				1920AA7B1D6DB37B00567FE2 /* Assets.xcassets */,
				1920AA7D1D6DB37B00567FE2 /* LaunchScreen.storyboard */,
				1920AA801D6DB37B00567FE2 /* Info.plist */,
				1920AA781D6DB37B00567FE2 /* Proj2_BowTie.xcdatamodeld */,
				1920AA861D6DB3BF00567FE2 /* TiesData.plist */,
			);
			path = "Proj2-BowTie";
			sourceTree = "<group>";
		};
		1920AA901D6DBEDD00567FE2 /* ManagedObjectModels */ = {
			isa = PBXGroup;
			children = (
				1920AA8C1D6DBED400567FE2 /* Bowtie+CoreDataProperties.swift */,
				1920AA8D1D6DBED400567FE2 /* Bowtie.swift */,
			);
			name = ManagedObjectModels;
			sourceTree = "<group>";
		};
/* End PBXGroup section */

/* Begin PBXNativeTarget section */
		1920AA6D1D6DB37B00567FE2 /* Proj2-BowTie */ = {
			isa = PBXNativeTarget;
			buildConfigurationList = 1920AA831D6DB37B00567FE2 /* Build configuration list for PBXNativeTarget "Proj2-BowTie" */;
			buildPhases = (
				1920AA6A1D6DB37B00567FE2 /* Sources */,
				1920AA6B1D6DB37B00567FE2 /* Frameworks */,
				1920AA6C1D6DB37B00567FE2 /* Resources */,
			);
			buildRules = (
			);
			dependencies = (
			);
			name = "Proj2-BowTie";
			productName = "Proj2-BowTie";
			productReference = 1920AA6E1D6DB37B00567FE2 /* Proj2-BowTie.app */;
			productType = "com.apple.product-type.application";
		};
/* End PBXNativeTarget section */

/* Begin PBXProject section */
		1920AA661D6DB37B00567FE2 /* Project object */ = {
			isa = PBXProject;
			attributes = {
				LastSwiftUpdateCheck = 0730;
				LastUpgradeCheck = 0730;
				ORGANIZATIONNAME = archangel;
				TargetAttributes = {
					1920AA6D1D6DB37B00567FE2 = {
						CreatedOnToolsVersion = 7.3.1;
					};
				};
			};
			buildConfigurationList = 1920AA691D6DB37B00567FE2 /* Build configuration list for PBXProject "Proj2-BowTie" */;
			compatibilityVersion = "Xcode 3.2";
			developmentRegion = English;
			hasScannedForEncodings = 0;
			knownRegions = (
				en,
				Base,
			);
			mainGroup = 1920AA651D6DB37B00567FE2;
			productRefGroup = 1920AA6F1D6DB37B00567FE2 /* Products */;
			projectDirPath = "";
			projectRoot = "";
			targets = (
				1920AA6D1D6DB37B00567FE2 /* Proj2-BowTie */,
			);
		};
/* End PBXProject section */

/* Begin PBXResourcesBuildPhase section */
		1920AA6C1D6DB37B00567FE2 /* Resources */ = {
			isa = PBXResourcesBuildPhase;
			buildActionMask = 2147483647;
			files = (
				1920AA7F1D6DB37B00567FE2 /* LaunchScreen.storyboard in Resources */,
				1920AA7C1D6DB37B00567FE2 /* Assets.xcassets in Resources */,
				1920AA771D6DB37B00567FE2 /* Main.storyboard in Resources */,
				1920AA871D6DB3BF00567FE2 /* TiesData.plist in Resources */,
			);
			runOnlyForDeploymentPostprocessing = 0;
		};
/* End PBXResourcesBuildPhase section */

/* Begin PBXSourcesBuildPhase section */
		1920AA6A1D6DB37B00567FE2 /* Sources */ = {
			isa = PBXSourcesBuildPhase;
			buildActionMask = 2147483647;
			files = (
				1920AA741D6DB37B00567FE2 /* ViewController.swift in Sources */,
				1920AA721D6DB37B00567FE2 /* AppDelegate.swift in Sources */,
				1920AA7A1D6DB37B00567FE2 /* Proj2_BowTie.xcdatamodeld in Sources */,
				1920AA8F1D6DBED400567FE2 /* Bowtie.swift in Sources */,
				1920AA8E1D6DBED400567FE2 /* Bowtie+CoreDataProperties.swift in Sources */,
			);
			runOnlyForDeploymentPostprocessing = 0;
		};
/* End PBXSourcesBuildPhase section */

/* Begin PBXVariantGroup section */
		1920AA751D6DB37B00567FE2 /* Main.storyboard */ = {
			isa = PBXVariantGroup;
			children = (
				1920AA761D6DB37B00567FE2 /* Base */,
			);
			name = Main.storyboard;
			sourceTree = "<group>";
		};
		1920AA7D1D6DB37B00567FE2 /* LaunchScreen.storyboard */ = {
			isa = PBXVariantGroup;
			children = (
				1920AA7E1D6DB37B00567FE2 /* Base */,
			);
			name = LaunchScreen.storyboard;
			sourceTree = "<group>";
		};
/* End PBXVariantGroup section */

/* Begin XCBuildConfiguration section */
		1920AA811D6DB37B00567FE2 /* Debug */ = {
			isa = XCBuildConfiguration;
			buildSettings = {
				ALWAYS_SEARCH_USER_PATHS = NO;
				CLANG_ANALYZER_NONNULL = YES;
				CLANG_CXX_LANGUAGE_STANDARD = "gnu++0x";
				CLANG_CXX_LIBRARY = "libc++";
				CLANG_ENABLE_MODULES = YES;
				CLANG_ENABLE_OBJC_ARC = YES;
				CLANG_WARN_BOOL_CONVERSION = YES;
				CLANG_WARN_CONSTANT_CONVERSION = YES;
				CLANG_WARN_DIRECT_OBJC_ISA_USAGE = YES_ERROR;
				CLANG_WARN_EMPTY_BODY = YES;
				CLANG_WARN_ENUM_CONVERSION = YES;
				CLANG_WARN_INT_CONVERSION = YES;
				CLANG_WARN_OBJC_ROOT_CLASS = YES_ERROR;
				CLANG_WARN_UNREACHABLE_CODE = YES;
				CLANG_WARN__DUPLICATE_METHOD_MATCH = YES;
				"CODE_SIGN_IDENTITY[sdk=iphoneos*]" = "iPhone Developer";
				COPY_PHASE_STRIP = NO;
				DEBUG_INFORMATION_FORMAT = dwarf;
				ENABLE_STRICT_OBJC_MSGSEND = YES;
				ENABLE_TESTABILITY = YES;
				GCC_C_LANGUAGE_STANDARD = gnu99;
				GCC_DYNAMIC_NO_PIC = NO;
				GCC_NO_COMMON_BLOCKS = YES;
				GCC_OPTIMIZATION_LEVEL = 0;
				GCC_PREPROCESSOR_DEFINITIONS = (
					"DEBUG=1",
					"$(inherited)",
				);
				GCC_WARN_64_TO_32_BIT_CONVERSION = YES;
				GCC_WARN_ABOUT_RETURN_TYPE = YES_ERROR;
				GCC_WARN_UNDECLARED_SELECTOR = YES;
				GCC_WARN_UNINITIALIZED_AUTOS = YES_AGGRESSIVE;
				GCC_WARN_UNUSED_FUNCTION = YES;
				GCC_WARN_UNUSED_VARIABLE = YES;
				IPHONEOS_DEPLOYMENT_TARGET = 9.3;
				MTL_ENABLE_DEBUG_INFO = YES;
				ONLY_ACTIVE_ARCH = YES;
				SDKROOT = iphoneos;
				SWIFT_OPTIMIZATION_LEVEL = "-Onone";
			};
			name = Debug;
		};
		1920AA821D6DB37B00567FE2 /* Release */ = {
			isa = XCBuildConfiguration;
			buildSettings = {
				ALWAYS_SEARCH_USER_PATHS = NO;
				CLANG_ANALYZER_NONNULL = YES;
				CLANG_CXX_LANGUAGE_STANDARD = "gnu++0x";
				CLANG_CXX_LIBRARY = "libc++";
				CLANG_ENABLE_MODULES = YES;
				CLANG_ENABLE_OBJC_ARC = YES;
				CLANG_WARN_BOOL_CONVERSION = YES;
				CLANG_WARN_CONSTANT_CONVERSION = YES;
				CLANG_WARN_DIRECT_OBJC_ISA_USAGE = YES_ERROR;
				CLANG_WARN_EMPTY_BODY = YES;
				CLANG_WARN_ENUM_CONVERSION = YES;
				CLANG_WARN_INT_CONVERSION = YES;
				CLANG_WARN_OBJC_ROOT_CLASS = YES_ERROR;
				CLANG_WARN_UNREACHABLE_CODE = YES;
				CLANG_WARN__DUPLICATE_METHOD_MATCH = YES;
				"CODE_SIGN_IDENTITY[sdk=iphoneos*]" = "iPhone Developer";
				COPY_PHASE_STRIP = NO;
				DEBUG_INFORMATION_FORMAT = "dwarf-with-dsym";
				ENABLE_NS_ASSERTIONS = NO;
				ENABLE_STRICT_OBJC_MSGSEND = YES;
				GCC_C_LANGUAGE_STANDARD = gnu99;
				GCC_NO_COMMON_BLOCKS = YES;
				GCC_WARN_64_TO_32_BIT_CONVERSION = YES;
				GCC_WARN_ABOUT_RETURN_TYPE = YES_ERROR;
				GCC_WARN_UNDECLARED_SELECTOR = YES;
				GCC_WARN_UNINITIALIZED_AUTOS = YES_AGGRESSIVE;
				GCC_WARN_UNUSED_FUNCTION = YES;
				GCC_WARN_UNUSED_VARIABLE = YES;
				IPHONEOS_DEPLOYMENT_TARGET = 9.3;
				MTL_ENABLE_DEBUG_INFO = NO;
				SDKROOT = iphoneos;
				VALIDATE_PRODUCT = YES;
			};
			name = Release;
		};
		1920AA841D6DB37B00567FE2 /* Debug */ = {
			isa = XCBuildConfiguration;
			buildSettings = {
				ASSETCATALOG_COMPILER_APPICON_NAME = AppIcon;
				INFOPLIST_FILE = "Proj2-BowTie/Info.plist";
				LD_RUNPATH_SEARCH_PATHS = "$(inherited) @executable_path/Frameworks";
				PRODUCT_BUNDLE_IDENTIFIER = "com.oryx.testapp.Proj2-BowTie";
				PRODUCT_NAME = "$(TARGET_NAME)";
			};
			name = Debug;
		};
		1920AA851D6DB37B00567FE2 /* Release */ = {
			isa = XCBuildConfiguration;
			buildSettings = {
				ASSETCATALOG_COMPILER_APPICON_NAME = AppIcon;
				INFOPLIST_FILE = "Proj2-BowTie/Info.plist";
				LD_RUNPATH_SEARCH_PATHS = "$(inherited) @executable_path/Frameworks";
				PRODUCT_BUNDLE_IDENTIFIER = "com.oryx.testapp.Proj2-BowTie";
				PRODUCT_NAME = "$(TARGET_NAME)";
			};
			name = Release;
		};
/* End XCBuildConfiguration section */

/* Begin XCConfigurationList section */
		1920AA691D6DB37B00567FE2 /* Build configuration list for PBXProject "Proj2-BowTie" */ = {
			isa = XCConfigurationList;
			buildConfigurations = (
				1920AA811D6DB37B00567FE2 /* Debug */,
				1920AA821D6DB37B00567FE2 /* Release */,
			);
			defaultConfigurationIsVisible = 0;
			defaultConfigurationName = Release;
		};
		1920AA831D6DB37B00567FE2 /* Build configuration list for PBXNativeTarget "Proj2-BowTie" */ = {
			isa = XCConfigurationList;
			buildConfigurations = (
				1920AA841D6DB37B00567FE2 /* Debug */,
				1920AA851D6DB37B00567FE2 /* Release */,
			);
			defaultConfigurationIsVisible = 0;
		};
/* End XCConfigurationList section */

/* Begin XCVersionGroup section */
		1920AA781D6DB37B00567FE2 /* Proj2_BowTie.xcdatamodeld */ = {
			isa = XCVersionGroup;
			children = (
				1920AA791D6DB37B00567FE2 /* Proj2_BowTie.xcdatamodel */,
			);
			currentVersion = 1920AA791D6DB37B00567FE2 /* Proj2_BowTie.xcdatamodel */;
			path = Proj2_BowTie.xcdatamodeld;
			sourceTree = "<group>";
			versionGroupType = wrapper.xcdatamodel;
		};
/* End XCVersionGroup section */
	};
	rootObject = 1920AA661D6DB37B00567FE2 /* Project object */;
}
