// !$*UTF8*$!
{
	archiveVersion = 1;
	classes = {
	};
	objectVersion = 46;
	objects = {

/* Begin PBXBuildFile section */
		1915FF811C5A00400014706F /* AppDelegate.swift in Sources */ = {isa = PBXBuildFile; fileRef = 1915FF801C5A00400014706F /* AppDelegate.swift */; };
		1915FF831C5A00400014706F /* ViewController.swift in Sources */ = {isa = PBXBuildFile; fileRef = 1915FF821C5A00400014706F /* ViewController.swift */; };
		1915FF861C5A00400014706F /* Main.storyboard in Resources */ = {isa = PBXBuildFile; fileRef = 1915FF841C5A00400014706F /* Main.storyboard */; };
		1915FF881C5A00400014706F /* Assets.xcassets in Resources */ = {isa = PBXBuildFile; fileRef = 1915FF871C5A00400014706F /* Assets.xcassets */; };
		1915FF8B1C5A00400014706F /* LaunchScreen.storyboard in Resources */ = {isa = PBXBuildFile; fileRef = 1915FF891C5A00400014706F /* LaunchScreen.storyboard */; };
		1915FF931C5A01860014706F /* QuartzCore.framework in Frameworks */ = {isa = PBXBuildFile; fileRef = 1915FF921C5A01860014706F /* QuartzCore.framework */; };
		1915FF961C5A0C7F0014706F /* BattleMapSplashScreen.jpg in Resources */ = {isa = PBXBuildFile; fileRef = 1915FF951C5A0C7F0014706F /* BattleMapSplashScreen.jpg */; };
/* End PBXBuildFile section */

/* Begin PBXFileReference section */
		1915FF7D1C5A00400014706F /* CALayers.app */ = {isa = PBXFileReference; explicitFileType = wrapper.application; includeInIndex = 0; path = CALayers.app; sourceTree = BUILT_PRODUCTS_DIR; };
		1915FF801C5A00400014706F /* AppDelegate.swift */ = {isa = PBXFileReference; lastKnownFileType = sourcecode.swift; path = AppDelegate.swift; sourceTree = "<group>"; };
		1915FF821C5A00400014706F /* ViewController.swift */ = {isa = PBXFileReference; lastKnownFileType = sourcecode.swift; path = ViewController.swift; sourceTree = "<group>"; };
		1915FF851C5A00400014706F /* Base */ = {isa = PBXFileReference; lastKnownFileType = file.storyboard; name = Base; path = Base.lproj/Main.storyboard; sourceTree = "<group>"; };
		1915FF871C5A00400014706F /* Assets.xcassets */ = {isa = PBXFileReference; lastKnownFileType = folder.assetcatalog; path = Assets.xcassets; sourceTree = "<group>"; };
		1915FF8A1C5A00400014706F /* Base */ = {isa = PBXFileReference; lastKnownFileType = file.storyboard; name = Base; path = Base.lproj/LaunchScreen.storyboard; sourceTree = "<group>"; };
		1915FF8C1C5A00400014706F /* Info.plist */ = {isa = PBXFileReference; lastKnownFileType = text.plist.xml; path = Info.plist; sourceTree = "<group>"; };
		1915FF921C5A01860014706F /* QuartzCore.framework */ = {isa = PBXFileReference; lastKnownFileType = wrapper.framework; name = QuartzCore.framework; path = System/Library/Frameworks/QuartzCore.framework; sourceTree = SDKROOT; };
		1915FF951C5A0C7F0014706F /* BattleMapSplashScreen.jpg */ = {isa = PBXFileReference; lastKnownFileType = image.jpeg; name = BattleMapSplashScreen.jpg; path = ../../../../Downloads/BattleMapSplashScreen.jpg; sourceTree = "<group>"; };
/* End PBXFileReference section */

/* Begin PBXFrameworksBuildPhase section */
		1915FF7A1C5A00400014706F /* Frameworks */ = {
			isa = PBXFrameworksBuildPhase;
			buildActionMask = 2147483647;
			files = (
				1915FF931C5A01860014706F /* QuartzCore.framework in Frameworks */,
			);
			runOnlyForDeploymentPostprocessing = 0;
		};
/* End PBXFrameworksBuildPhase section */

/* Begin PBXGroup section */
		1915FF741C5A00400014706F = {
			isa = PBXGroup;
			children = (
				1915FF921C5A01860014706F /* QuartzCore.framework */,
				1915FF7F1C5A00400014706F /* CALayers */,
				1915FF7E1C5A00400014706F /* Products */,
			);
			sourceTree = "<group>";
		};
		1915FF7E1C5A00400014706F /* Products */ = {
			isa = PBXGroup;
			children = (
				1915FF7D1C5A00400014706F /* CALayers.app */,
			);
			name = Products;
			sourceTree = "<group>";
		};
		1915FF7F1C5A00400014706F /* CALayers */ = {
			isa = PBXGroup;
			children = (
				1915FF941C5A0C650014706F /* Assets */,
				1915FF801C5A00400014706F /* AppDelegate.swift */,
				1915FF821C5A00400014706F /* ViewController.swift */,
				1915FF841C5A00400014706F /* Main.storyboard */,
				1915FF871C5A00400014706F /* Assets.xcassets */,
				1915FF891C5A00400014706F /* LaunchScreen.storyboard */,
				1915FF8C1C5A00400014706F /* Info.plist */,
			);
			path = CALayers;
			sourceTree = "<group>";
		};
		1915FF941C5A0C650014706F /* Assets */ = {
			isa = PBXGroup;
			children = (
				1915FF951C5A0C7F0014706F /* BattleMapSplashScreen.jpg */,
			);
			name = Assets;
			sourceTree = "<group>";
		};
/* End PBXGroup section */

/* Begin PBXNativeTarget section */
		1915FF7C1C5A00400014706F /* CALayers */ = {
			isa = PBXNativeTarget;
			buildConfigurationList = 1915FF8F1C5A00400014706F /* Build configuration list for PBXNativeTarget "CALayers" */;
			buildPhases = (
				1915FF791C5A00400014706F /* Sources */,
				1915FF7A1C5A00400014706F /* Frameworks */,
				1915FF7B1C5A00400014706F /* Resources */,
			);
			buildRules = (
			);
			dependencies = (
			);
			name = CALayers;
			productName = CALayers;
			productReference = 1915FF7D1C5A00400014706F /* CALayers.app */;
			productType = "com.apple.product-type.application";
		};
/* End PBXNativeTarget section */

/* Begin PBXProject section */
		1915FF751C5A00400014706F /* Project object */ = {
			isa = PBXProject;
			attributes = {
				LastSwiftUpdateCheck = 0720;
				LastUpgradeCheck = 0720;
				ORGANIZATIONNAME = oryx;
				TargetAttributes = {
					1915FF7C1C5A00400014706F = {
						CreatedOnToolsVersion = 7.2;
					};
				};
			};
			buildConfigurationList = 1915FF781C5A00400014706F /* Build configuration list for PBXProject "CALayers" */;
			compatibilityVersion = "Xcode 3.2";
			developmentRegion = English;
			hasScannedForEncodings = 0;
			knownRegions = (
				en,
				Base,
			);
			mainGroup = 1915FF741C5A00400014706F;
			productRefGroup = 1915FF7E1C5A00400014706F /* Products */;
			projectDirPath = "";
			projectRoot = "";
			targets = (
				1915FF7C1C5A00400014706F /* CALayers */,
			);
		};
/* End PBXProject section */

/* Begin PBXResourcesBuildPhase section */
		1915FF7B1C5A00400014706F /* Resources */ = {
			isa = PBXResourcesBuildPhase;
			buildActionMask = 2147483647;
			files = (
				1915FF8B1C5A00400014706F /* LaunchScreen.storyboard in Resources */,
				1915FF961C5A0C7F0014706F /* BattleMapSplashScreen.jpg in Resources */,
				1915FF881C5A00400014706F /* Assets.xcassets in Resources */,
				1915FF861C5A00400014706F /* Main.storyboard in Resources */,
			);
			runOnlyForDeploymentPostprocessing = 0;
		};
/* End PBXResourcesBuildPhase section */

/* Begin PBXSourcesBuildPhase section */
		1915FF791C5A00400014706F /* Sources */ = {
			isa = PBXSourcesBuildPhase;
			buildActionMask = 2147483647;
			files = (
				1915FF831C5A00400014706F /* ViewController.swift in Sources */,
				1915FF811C5A00400014706F /* AppDelegate.swift in Sources */,
			);
			runOnlyForDeploymentPostprocessing = 0;
		};
/* End PBXSourcesBuildPhase section */

/* Begin PBXVariantGroup section */
		1915FF841C5A00400014706F /* Main.storyboard */ = {
			isa = PBXVariantGroup;
			children = (
				1915FF851C5A00400014706F /* Base */,
			);
			name = Main.storyboard;
			sourceTree = "<group>";
		};
		1915FF891C5A00400014706F /* LaunchScreen.storyboard */ = {
			isa = PBXVariantGroup;
			children = (
				1915FF8A1C5A00400014706F /* Base */,
			);
			name = LaunchScreen.storyboard;
			sourceTree = "<group>";
		};
/* End PBXVariantGroup section */

/* Begin XCBuildConfiguration section */
		1915FF8D1C5A00400014706F /* Debug */ = {
			isa = XCBuildConfiguration;
			buildSettings = {
				ALWAYS_SEARCH_USER_PATHS = NO;
				CLANG_CXX_LANGUAGE_STANDARD = "gnu++0x";
				CLANG_CXX_LIBRARY = "libc++";
				CLANG_ENABLE_MODULES = YES;
				CLANG_ENABLE_OBJC_ARC = YES;
				CLANG_WARN_BOOL_CONVERSION = YES;
				CLANG_WARN_CONSTANT_CONVERSION = YES;
				CLANG_WARN_DIRECT_OBJC_ISA_USAGE = YES_ERROR;
				CLANG_WARN_EMPTY_BODY = YES;
				CLANG_WARN_ENUM_CONVERSION = YES;
				CLANG_WARN_INT_CONVERSION = YES;
				CLANG_WARN_OBJC_ROOT_CLASS = YES_ERROR;
				CLANG_WARN_UNREACHABLE_CODE = YES;
				CLANG_WARN__DUPLICATE_METHOD_MATCH = YES;
				"CODE_SIGN_IDENTITY[sdk=iphoneos*]" = "iPhone Developer";
				COPY_PHASE_STRIP = NO;
				DEBUG_INFORMATION_FORMAT = dwarf;
				ENABLE_STRICT_OBJC_MSGSEND = YES;
				ENABLE_TESTABILITY = YES;
				GCC_C_LANGUAGE_STANDARD = gnu99;
				GCC_DYNAMIC_NO_PIC = NO;
				GCC_NO_COMMON_BLOCKS = YES;
				GCC_OPTIMIZATION_LEVEL = 0;
				GCC_PREPROCESSOR_DEFINITIONS = (
					"DEBUG=1",
					"$(inherited)",
				);
				GCC_WARN_64_TO_32_BIT_CONVERSION = YES;
				GCC_WARN_ABOUT_RETURN_TYPE = YES_ERROR;
				GCC_WARN_UNDECLARED_SELECTOR = YES;
				GCC_WARN_UNINITIALIZED_AUTOS = YES_AGGRESSIVE;
				GCC_WARN_UNUSED_FUNCTION = YES;
				GCC_WARN_UNUSED_VARIABLE = YES;
				IPHONEOS_DEPLOYMENT_TARGET = 9.2;
				MTL_ENABLE_DEBUG_INFO = YES;
				ONLY_ACTIVE_ARCH = YES;
				SDKROOT = iphoneos;
				SWIFT_OPTIMIZATION_LEVEL = "-Onone";
			};
			name = Debug;
		};
		1915FF8E1C5A00400014706F /* Release */ = {
			isa = XCBuildConfiguration;
			buildSettings = {
				ALWAYS_SEARCH_USER_PATHS = NO;
				CLANG_CXX_LANGUAGE_STANDARD = "gnu++0x";
				CLANG_CXX_LIBRARY = "libc++";
				CLANG_ENABLE_MODULES = YES;
				CLANG_ENABLE_OBJC_ARC = YES;
				CLANG_WARN_BOOL_CONVERSION = YES;
				CLANG_WARN_CONSTANT_CONVERSION = YES;
				CLANG_WARN_DIRECT_OBJC_ISA_USAGE = YES_ERROR;
				CLANG_WARN_EMPTY_BODY = YES;
				CLANG_WARN_ENUM_CONVERSION = YES;
				CLANG_WARN_INT_CONVERSION = YES;
				CLANG_WARN_OBJC_ROOT_CLASS = YES_ERROR;
				CLANG_WARN_UNREACHABLE_CODE = YES;
				CLANG_WARN__DUPLICATE_METHOD_MATCH = YES;
				"CODE_SIGN_IDENTITY[sdk=iphoneos*]" = "iPhone Developer";
				COPY_PHASE_STRIP = NO;
				DEBUG_INFORMATION_FORMAT = "dwarf-with-dsym";
				ENABLE_NS_ASSERTIONS = NO;
				ENABLE_STRICT_OBJC_MSGSEND = YES;
				GCC_C_LANGUAGE_STANDARD = gnu99;
				GCC_NO_COMMON_BLOCKS = YES;
				GCC_WARN_64_TO_32_BIT_CONVERSION = YES;
				GCC_WARN_ABOUT_RETURN_TYPE = YES_ERROR;
				GCC_WARN_UNDECLARED_SELECTOR = YES;
				GCC_WARN_UNINITIALIZED_AUTOS = YES_AGGRESSIVE;
				GCC_WARN_UNUSED_FUNCTION = YES;
				GCC_WARN_UNUSED_VARIABLE = YES;
				IPHONEOS_DEPLOYMENT_TARGET = 9.2;
				MTL_ENABLE_DEBUG_INFO = NO;
				SDKROOT = iphoneos;
				VALIDATE_PRODUCT = YES;
			};
			name = Release;
		};
		1915FF901C5A00400014706F /* Debug */ = {
			isa = XCBuildConfiguration;
			buildSettings = {
				ASSETCATALOG_COMPILER_APPICON_NAME = AppIcon;
				INFOPLIST_FILE = CALayers/Info.plist;
				LD_RUNPATH_SEARCH_PATHS = "$(inherited) @executable_path/Frameworks";
				PRODUCT_BUNDLE_IDENTIFIER = com.oryx.CALayers;
				PRODUCT_NAME = "$(TARGET_NAME)";
			};
			name = Debug;
		};
		1915FF911C5A00400014706F /* Release */ = {
			isa = XCBuildConfiguration;
			buildSettings = {
				ASSETCATALOG_COMPILER_APPICON_NAME = AppIcon;
				INFOPLIST_FILE = CALayers/Info.plist;
				LD_RUNPATH_SEARCH_PATHS = "$(inherited) @executable_path/Frameworks";
				PRODUCT_BUNDLE_IDENTIFIER = com.oryx.CALayers;
				PRODUCT_NAME = "$(TARGET_NAME)";
			};
			name = Release;
		};
/* End XCBuildConfiguration section */

/* Begin XCConfigurationList section */
		1915FF781C5A00400014706F /* Build configuration list for PBXProject "CALayers" */ = {
			isa = XCConfigurationList;
			buildConfigurations = (
				1915FF8D1C5A00400014706F /* Debug */,
				1915FF8E1C5A00400014706F /* Release */,
			);
			defaultConfigurationIsVisible = 0;
			defaultConfigurationName = Release;
		};
		1915FF8F1C5A00400014706F /* Build configuration list for PBXNativeTarget "CALayers" */ = {
			isa = XCConfigurationList;
			buildConfigurations = (
				1915FF901C5A00400014706F /* Debug */,
				1915FF911C5A00400014706F /* Release */,
			);
			defaultConfigurationIsVisible = 0;
		};
/* End XCConfigurationList section */
	};
	rootObject = 1915FF751C5A00400014706F /* Project object */;
}
