// !$*UTF8*$!
{
	archiveVersion = 1;
	classes = {
	};
	objectVersion = 46;
	objects = {

/* Begin PBXBuildFile section */
		19FB45CF1B187C5800B97BD7 /* AppDelegate.swift in Sources */ = {isa = PBXBuildFile; fileRef = 19FB45CE1B187C5800B97BD7 /* AppDelegate.swift */; };
		19FB45D11B187C5800B97BD7 /* ViewController.swift in Sources */ = {isa = PBXBuildFile; fileRef = 19FB45D01B187C5800B97BD7 /* ViewController.swift */; };
		19FB45D41B187C5800B97BD7 /* Main.storyboard in Resources */ = {isa = PBXBuildFile; fileRef = 19FB45D21B187C5800B97BD7 /* Main.storyboard */; };
		19FB45D61B187C5800B97BD7 /* Images.xcassets in Resources */ = {isa = PBXBuildFile; fileRef = 19FB45D51B187C5800B97BD7 /* Images.xcassets */; };
		19FB45D91B187C5800B97BD7 /* LaunchScreen.xib in Resources */ = {isa = PBXBuildFile; fileRef = 19FB45D71B187C5800B97BD7 /* LaunchScreen.xib */; };
		19FB45E51B187C5800B97BD7 /* SwiftURLRequestsTests.swift in Sources */ = {isa = PBXBuildFile; fileRef = 19FB45E41B187C5800B97BD7 /* SwiftURLRequestsTests.swift */; };
/* End PBXBuildFile section */

/* Begin PBXContainerItemProxy section */
		19FB45DF1B187C5800B97BD7 /* PBXContainerItemProxy */ = {
			isa = PBXContainerItemProxy;
			containerPortal = 19FB45C11B187C5800B97BD7 /* Project object */;
			proxyType = 1;
			remoteGlobalIDString = 19FB45C81B187C5800B97BD7;
			remoteInfo = SwiftURLRequests;
		};
/* End PBXContainerItemProxy section */

/* Begin PBXFileReference section */
		19FB45C91B187C5800B97BD7 /* SwiftURLRequests.app */ = {isa = PBXFileReference; explicitFileType = wrapper.application; includeInIndex = 0; path = SwiftURLRequests.app; sourceTree = BUILT_PRODUCTS_DIR; };
		19FB45CD1B187C5800B97BD7 /* Info.plist */ = {isa = PBXFileReference; lastKnownFileType = text.plist.xml; path = Info.plist; sourceTree = "<group>"; };
		19FB45CE1B187C5800B97BD7 /* AppDelegate.swift */ = {isa = PBXFileReference; lastKnownFileType = sourcecode.swift; path = AppDelegate.swift; sourceTree = "<group>"; };
		19FB45D01B187C5800B97BD7 /* ViewController.swift */ = {isa = PBXFileReference; lastKnownFileType = sourcecode.swift; path = ViewController.swift; sourceTree = "<group>"; };
		19FB45D31B187C5800B97BD7 /* Base */ = {isa = PBXFileReference; lastKnownFileType = file.storyboard; name = Base; path = Base.lproj/Main.storyboard; sourceTree = "<group>"; };
		19FB45D51B187C5800B97BD7 /* Images.xcassets */ = {isa = PBXFileReference; lastKnownFileType = folder.assetcatalog; path = Images.xcassets; sourceTree = "<group>"; };
		19FB45D81B187C5800B97BD7 /* Base */ = {isa = PBXFileReference; lastKnownFileType = file.xib; name = Base; path = Base.lproj/LaunchScreen.xib; sourceTree = "<group>"; };
		19FB45DE1B187C5800B97BD7 /* SwiftURLRequestsTests.xctest */ = {isa = PBXFileReference; explicitFileType = wrapper.cfbundle; includeInIndex = 0; path = SwiftURLRequestsTests.xctest; sourceTree = BUILT_PRODUCTS_DIR; };
		19FB45E31B187C5800B97BD7 /* Info.plist */ = {isa = PBXFileReference; lastKnownFileType = text.plist.xml; path = Info.plist; sourceTree = "<group>"; };
		19FB45E41B187C5800B97BD7 /* SwiftURLRequestsTests.swift */ = {isa = PBXFileReference; lastKnownFileType = sourcecode.swift; path = SwiftURLRequestsTests.swift; sourceTree = "<group>"; };
/* End PBXFileReference section */

/* Begin PBXFrameworksBuildPhase section */
		19FB45C61B187C5800B97BD7 /* Frameworks */ = {
			isa = PBXFrameworksBuildPhase;
			buildActionMask = 2147483647;
			files = (
			);
			runOnlyForDeploymentPostprocessing = 0;
		};
		19FB45DB1B187C5800B97BD7 /* Frameworks */ = {
			isa = PBXFrameworksBuildPhase;
			buildActionMask = 2147483647;
			files = (
			);
			runOnlyForDeploymentPostprocessing = 0;
		};
/* End PBXFrameworksBuildPhase section */

/* Begin PBXGroup section */
		19FB45C01B187C5800B97BD7 = {
			isa = PBXGroup;
			children = (
				19FB45CB1B187C5800B97BD7 /* SwiftURLRequests */,
				19FB45E11B187C5800B97BD7 /* SwiftURLRequestsTests */,
				19FB45CA1B187C5800B97BD7 /* Products */,
			);
			sourceTree = "<group>";
		};
		19FB45CA1B187C5800B97BD7 /* Products */ = {
			isa = PBXGroup;
			children = (
				19FB45C91B187C5800B97BD7 /* SwiftURLRequests.app */,
				19FB45DE1B187C5800B97BD7 /* SwiftURLRequestsTests.xctest */,
			);
			name = Products;
			sourceTree = "<group>";
		};
		19FB45CB1B187C5800B97BD7 /* SwiftURLRequests */ = {
			isa = PBXGroup;
			children = (
				19FB45CE1B187C5800B97BD7 /* AppDelegate.swift */,
				19FB45D01B187C5800B97BD7 /* ViewController.swift */,
				19FB45D21B187C5800B97BD7 /* Main.storyboard */,
				19FB45D51B187C5800B97BD7 /* Images.xcassets */,
				19FB45D71B187C5800B97BD7 /* LaunchScreen.xib */,
				19FB45CC1B187C5800B97BD7 /* Supporting Files */,
			);
			path = SwiftURLRequests;
			sourceTree = "<group>";
		};
		19FB45CC1B187C5800B97BD7 /* Supporting Files */ = {
			isa = PBXGroup;
			children = (
				19FB45CD1B187C5800B97BD7 /* Info.plist */,
			);
			name = "Supporting Files";
			sourceTree = "<group>";
		};
		19FB45E11B187C5800B97BD7 /* SwiftURLRequestsTests */ = {
			isa = PBXGroup;
			children = (
				19FB45E41B187C5800B97BD7 /* SwiftURLRequestsTests.swift */,
				19FB45E21B187C5800B97BD7 /* Supporting Files */,
			);
			path = SwiftURLRequestsTests;
			sourceTree = "<group>";
		};
		19FB45E21B187C5800B97BD7 /* Supporting Files */ = {
			isa = PBXGroup;
			children = (
				19FB45E31B187C5800B97BD7 /* Info.plist */,
			);
			name = "Supporting Files";
			sourceTree = "<group>";
		};
/* End PBXGroup section */

/* Begin PBXNativeTarget section */
		19FB45C81B187C5800B97BD7 /* SwiftURLRequests */ = {
			isa = PBXNativeTarget;
			buildConfigurationList = 19FB45E81B187C5800B97BD7 /* Build configuration list for PBXNativeTarget "SwiftURLRequests" */;
			buildPhases = (
				19FB45C51B187C5800B97BD7 /* Sources */,
				19FB45C61B187C5800B97BD7 /* Frameworks */,
				19FB45C71B187C5800B97BD7 /* Resources */,
			);
			buildRules = (
			);
			dependencies = (
			);
			name = SwiftURLRequests;
			productName = SwiftURLRequests;
			productReference = 19FB45C91B187C5800B97BD7 /* SwiftURLRequests.app */;
			productType = "com.apple.product-type.application";
		};
		19FB45DD1B187C5800B97BD7 /* SwiftURLRequestsTests */ = {
			isa = PBXNativeTarget;
			buildConfigurationList = 19FB45EB1B187C5800B97BD7 /* Build configuration list for PBXNativeTarget "SwiftURLRequestsTests" */;
			buildPhases = (
				19FB45DA1B187C5800B97BD7 /* Sources */,
				19FB45DB1B187C5800B97BD7 /* Frameworks */,
				19FB45DC1B187C5800B97BD7 /* Resources */,
			);
			buildRules = (
			);
			dependencies = (
				19FB45E01B187C5800B97BD7 /* PBXTargetDependency */,
			);
			name = SwiftURLRequestsTests;
			productName = SwiftURLRequestsTests;
			productReference = 19FB45DE1B187C5800B97BD7 /* SwiftURLRequestsTests.xctest */;
			productType = "com.apple.product-type.bundle.unit-test";
		};
/* End PBXNativeTarget section */

/* Begin PBXProject section */
		19FB45C11B187C5800B97BD7 /* Project object */ = {
			isa = PBXProject;
			attributes = {
				LastUpgradeCheck = 0630;
				ORGANIZATIONNAME = archangel;
				TargetAttributes = {
					19FB45C81B187C5800B97BD7 = {
						CreatedOnToolsVersion = 6.3.2;
					};
					19FB45DD1B187C5800B97BD7 = {
						CreatedOnToolsVersion = 6.3.2;
						TestTargetID = 19FB45C81B187C5800B97BD7;
					};
				};
			};
			buildConfigurationList = 19FB45C41B187C5800B97BD7 /* Build configuration list for PBXProject "SwiftURLRequests" */;
			compatibilityVersion = "Xcode 3.2";
			developmentRegion = English;
			hasScannedForEncodings = 0;
			knownRegions = (
				en,
				Base,
			);
			mainGroup = 19FB45C01B187C5800B97BD7;
			productRefGroup = 19FB45CA1B187C5800B97BD7 /* Products */;
			projectDirPath = "";
			projectRoot = "";
			targets = (
				19FB45C81B187C5800B97BD7 /* SwiftURLRequests */,
				19FB45DD1B187C5800B97BD7 /* SwiftURLRequestsTests */,
			);
		};
/* End PBXProject section */

/* Begin PBXResourcesBuildPhase section */
		19FB45C71B187C5800B97BD7 /* Resources */ = {
			isa = PBXResourcesBuildPhase;
			buildActionMask = 2147483647;
			files = (
				19FB45D41B187C5800B97BD7 /* Main.storyboard in Resources */,
				19FB45D91B187C5800B97BD7 /* LaunchScreen.xib in Resources */,
				19FB45D61B187C5800B97BD7 /* Images.xcassets in Resources */,
			);
			runOnlyForDeploymentPostprocessing = 0;
		};
		19FB45DC1B187C5800B97BD7 /* Resources */ = {
			isa = PBXResourcesBuildPhase;
			buildActionMask = 2147483647;
			files = (
			);
			runOnlyForDeploymentPostprocessing = 0;
		};
/* End PBXResourcesBuildPhase section */

/* Begin PBXSourcesBuildPhase section */
		19FB45C51B187C5800B97BD7 /* Sources */ = {
			isa = PBXSourcesBuildPhase;
			buildActionMask = 2147483647;
			files = (
				19FB45D11B187C5800B97BD7 /* ViewController.swift in Sources */,
				19FB45CF1B187C5800B97BD7 /* AppDelegate.swift in Sources */,
			);
			runOnlyForDeploymentPostprocessing = 0;
		};
		19FB45DA1B187C5800B97BD7 /* Sources */ = {
			isa = PBXSourcesBuildPhase;
			buildActionMask = 2147483647;
			files = (
				19FB45E51B187C5800B97BD7 /* SwiftURLRequestsTests.swift in Sources */,
			);
			runOnlyForDeploymentPostprocessing = 0;
		};
/* End PBXSourcesBuildPhase section */

/* Begin PBXTargetDependency section */
		19FB45E01B187C5800B97BD7 /* PBXTargetDependency */ = {
			isa = PBXTargetDependency;
			target = 19FB45C81B187C5800B97BD7 /* SwiftURLRequests */;
			targetProxy = 19FB45DF1B187C5800B97BD7 /* PBXContainerItemProxy */;
		};
/* End PBXTargetDependency section */

/* Begin PBXVariantGroup section */
		19FB45D21B187C5800B97BD7 /* Main.storyboard */ = {
			isa = PBXVariantGroup;
			children = (
				19FB45D31B187C5800B97BD7 /* Base */,
			);
			name = Main.storyboard;
			sourceTree = "<group>";
		};
		19FB45D71B187C5800B97BD7 /* LaunchScreen.xib */ = {
			isa = PBXVariantGroup;
			children = (
				19FB45D81B187C5800B97BD7 /* Base */,
			);
			name = LaunchScreen.xib;
			sourceTree = "<group>";
		};
/* End PBXVariantGroup section */

/* Begin XCBuildConfiguration section */
		19FB45E61B187C5800B97BD7 /* Debug */ = {
			isa = XCBuildConfiguration;
			buildSettings = {
				ALWAYS_SEARCH_USER_PATHS = NO;
				CLANG_CXX_LANGUAGE_STANDARD = "gnu++0x";
				CLANG_CXX_LIBRARY = "libc++";
				CLANG_ENABLE_MODULES = YES;
				CLANG_ENABLE_OBJC_ARC = YES;
				CLANG_WARN_BOOL_CONVERSION = YES;
				CLANG_WARN_CONSTANT_CONVERSION = YES;
				CLANG_WARN_DIRECT_OBJC_ISA_USAGE = YES_ERROR;
				CLANG_WARN_EMPTY_BODY = YES;
				CLANG_WARN_ENUM_CONVERSION = YES;
				CLANG_WARN_INT_CONVERSION = YES;
				CLANG_WARN_OBJC_ROOT_CLASS = YES_ERROR;
				CLANG_WARN_UNREACHABLE_CODE = YES;
				CLANG_WARN__DUPLICATE_METHOD_MATCH = YES;
				"CODE_SIGN_IDENTITY[sdk=iphoneos*]" = "iPhone Developer";
				COPY_PHASE_STRIP = NO;
				DEBUG_INFORMATION_FORMAT = "dwarf-with-dsym";
				ENABLE_STRICT_OBJC_MSGSEND = YES;
				GCC_C_LANGUAGE_STANDARD = gnu99;
				GCC_DYNAMIC_NO_PIC = NO;
				GCC_NO_COMMON_BLOCKS = YES;
				GCC_OPTIMIZATION_LEVEL = 0;
				GCC_PREPROCESSOR_DEFINITIONS = (
					"DEBUG=1",
					"$(inherited)",
				);
				GCC_SYMBOLS_PRIVATE_EXTERN = NO;
				GCC_WARN_64_TO_32_BIT_CONVERSION = YES;
				GCC_WARN_ABOUT_RETURN_TYPE = YES_ERROR;
				GCC_WARN_UNDECLARED_SELECTOR = YES;
				GCC_WARN_UNINITIALIZED_AUTOS = YES_AGGRESSIVE;
				GCC_WARN_UNUSED_FUNCTION = YES;
				GCC_WARN_UNUSED_VARIABLE = YES;
				IPHONEOS_DEPLOYMENT_TARGET = 8.3;
				MTL_ENABLE_DEBUG_INFO = YES;
				ONLY_ACTIVE_ARCH = YES;
				SDKROOT = iphoneos;
				SWIFT_OPTIMIZATION_LEVEL = "-Onone";
			};
			name = Debug;
		};
		19FB45E71B187C5800B97BD7 /* Release */ = {
			isa = XCBuildConfiguration;
			buildSettings = {
				ALWAYS_SEARCH_USER_PATHS = NO;
				CLANG_CXX_LANGUAGE_STANDARD = "gnu++0x";
				CLANG_CXX_LIBRARY = "libc++";
				CLANG_ENABLE_MODULES = YES;
				CLANG_ENABLE_OBJC_ARC = YES;
				CLANG_WARN_BOOL_CONVERSION = YES;
				CLANG_WARN_CONSTANT_CONVERSION = YES;
				CLANG_WARN_DIRECT_OBJC_ISA_USAGE = YES_ERROR;
				CLANG_WARN_EMPTY_BODY = YES;
				CLANG_WARN_ENUM_CONVERSION = YES;
				CLANG_WARN_INT_CONVERSION = YES;
				CLANG_WARN_OBJC_ROOT_CLASS = YES_ERROR;
				CLANG_WARN_UNREACHABLE_CODE = YES;
				CLANG_WARN__DUPLICATE_METHOD_MATCH = YES;
				"CODE_SIGN_IDENTITY[sdk=iphoneos*]" = "iPhone Developer";
				COPY_PHASE_STRIP = NO;
				DEBUG_INFORMATION_FORMAT = "dwarf-with-dsym";
				ENABLE_NS_ASSERTIONS = NO;
				ENABLE_STRICT_OBJC_MSGSEND = YES;
				GCC_C_LANGUAGE_STANDARD = gnu99;
				GCC_NO_COMMON_BLOCKS = YES;
				GCC_WARN_64_TO_32_BIT_CONVERSION = YES;
				GCC_WARN_ABOUT_RETURN_TYPE = YES_ERROR;
				GCC_WARN_UNDECLARED_SELECTOR = YES;
				GCC_WARN_UNINITIALIZED_AUTOS = YES_AGGRESSIVE;
				GCC_WARN_UNUSED_FUNCTION = YES;
				GCC_WARN_UNUSED_VARIABLE = YES;
				IPHONEOS_DEPLOYMENT_TARGET = 8.3;
				MTL_ENABLE_DEBUG_INFO = NO;
				SDKROOT = iphoneos;
				VALIDATE_PRODUCT = YES;
			};
			name = Release;
		};
		19FB45E91B187C5800B97BD7 /* Debug */ = {
			isa = XCBuildConfiguration;
			buildSettings = {
				ASSETCATALOG_COMPILER_APPICON_NAME = AppIcon;
				INFOPLIST_FILE = SwiftURLRequests/Info.plist;
				LD_RUNPATH_SEARCH_PATHS = "$(inherited) @executable_path/Frameworks";
				PRODUCT_NAME = "$(TARGET_NAME)";
			};
			name = Debug;
		};
		19FB45EA1B187C5800B97BD7 /* Release */ = {
			isa = XCBuildConfiguration;
			buildSettings = {
				ASSETCATALOG_COMPILER_APPICON_NAME = AppIcon;
				INFOPLIST_FILE = SwiftURLRequests/Info.plist;
				LD_RUNPATH_SEARCH_PATHS = "$(inherited) @executable_path/Frameworks";
				PRODUCT_NAME = "$(TARGET_NAME)";
			};
			name = Release;
		};
		19FB45EC1B187C5800B97BD7 /* Debug */ = {
			isa = XCBuildConfiguration;
			buildSettings = {
				BUNDLE_LOADER = "$(TEST_HOST)";
				FRAMEWORK_SEARCH_PATHS = (
					"$(SDKROOT)/Developer/Library/Frameworks",
					"$(inherited)",
				);
				GCC_PREPROCESSOR_DEFINITIONS = (
					"DEBUG=1",
					"$(inherited)",
				);
				INFOPLIST_FILE = SwiftURLRequestsTests/Info.plist;
				LD_RUNPATH_SEARCH_PATHS = "$(inherited) @executable_path/Frameworks @loader_path/Frameworks";
				PRODUCT_NAME = "$(TARGET_NAME)";
				TEST_HOST = "$(BUILT_PRODUCTS_DIR)/SwiftURLRequests.app/SwiftURLRequests";
			};
			name = Debug;
		};
		19FB45ED1B187C5800B97BD7 /* Release */ = {
			isa = XCBuildConfiguration;
			buildSettings = {
				BUNDLE_LOADER = "$(TEST_HOST)";
				FRAMEWORK_SEARCH_PATHS = (
					"$(SDKROOT)/Developer/Library/Frameworks",
					"$(inherited)",
				);
				INFOPLIST_FILE = SwiftURLRequestsTests/Info.plist;
				LD_RUNPATH_SEARCH_PATHS = "$(inherited) @executable_path/Frameworks @loader_path/Frameworks";
				PRODUCT_NAME = "$(TARGET_NAME)";
				TEST_HOST = "$(BUILT_PRODUCTS_DIR)/SwiftURLRequests.app/SwiftURLRequests";
			};
			name = Release;
		};
/* End XCBuildConfiguration section */

/* Begin XCConfigurationList section */
		19FB45C41B187C5800B97BD7 /* Build configuration list for PBXProject "SwiftURLRequests" */ = {
			isa = XCConfigurationList;
			buildConfigurations = (
				19FB45E61B187C5800B97BD7 /* Debug */,
				19FB45E71B187C5800B97BD7 /* Release */,
			);
			defaultConfigurationIsVisible = 0;
			defaultConfigurationName = Release;
		};
		19FB45E81B187C5800B97BD7 /* Build configuration list for PBXNativeTarget "SwiftURLRequests" */ = {
			isa = XCConfigurationList;
			buildConfigurations = (
				19FB45E91B187C5800B97BD7 /* Debug */,
				19FB45EA1B187C5800B97BD7 /* Release */,
			);
			defaultConfigurationIsVisible = 0;
		};
		19FB45EB1B187C5800B97BD7 /* Build configuration list for PBXNativeTarget "SwiftURLRequestsTests" */ = {
			isa = XCConfigurationList;
			buildConfigurations = (
				19FB45EC1B187C5800B97BD7 /* Debug */,
				19FB45ED1B187C5800B97BD7 /* Release */,
			);
			defaultConfigurationIsVisible = 0;
		};
/* End XCConfigurationList section */
	};
	rootObject = 19FB45C11B187C5800B97BD7 /* Project object */;
}
