// !$*UTF8*$!
{
	archiveVersion = 1;
	classes = {
	};
	objectVersion = 46;
	objects = {

/* Begin PBXBuildFile section */
		1900ABBF1C6398FD00FCCE02 /* AppDelegate.swift in Sources */ = {isa = PBXBuildFile; fileRef = 1900ABBE1C6398FD00FCCE02 /* AppDelegate.swift */; };
		1900ABC41C6398FD00FCCE02 /* Main.storyboard in Resources */ = {isa = PBXBuildFile; fileRef = 1900ABC21C6398FD00FCCE02 /* Main.storyboard */; };
		1900ABC61C6398FD00FCCE02 /* Assets.xcassets in Resources */ = {isa = PBXBuildFile; fileRef = 1900ABC51C6398FD00FCCE02 /* Assets.xcassets */; };
		1900ABC91C6398FD00FCCE02 /* LaunchScreen.storyboard in Resources */ = {isa = PBXBuildFile; fileRef = 1900ABC71C6398FD00FCCE02 /* LaunchScreen.storyboard */; };
		1900ABD11C639A9400FCCE02 /* ImageScrollVC.swift in Sources */ = {isa = PBXBuildFile; fileRef = 1900ABD01C639A9400FCCE02 /* ImageScrollVC.swift */; };
		1900ABD41C639F2000FCCE02 /* CustomScrollViewController.swift in Sources */ = {isa = PBXBuildFile; fileRef = 1900ABD31C639F2000FCCE02 /* CustomScrollViewController.swift */; };
		1900ABD61C63A0E600FCCE02 /* PagedViewController.swift in Sources */ = {isa = PBXBuildFile; fileRef = 1900ABD51C63A0E600FCCE02 /* PagedViewController.swift */; };
		1900ABD81C63A0EF00FCCE02 /* PeekingViewController.swift in Sources */ = {isa = PBXBuildFile; fileRef = 1900ABD71C63A0EF00FCCE02 /* PeekingViewController.swift */; };
/* End PBXBuildFile section */

/* Begin PBXFileReference section */
		1900ABBB1C6398FD00FCCE02 /* ScrollingViews.app */ = {isa = PBXFileReference; explicitFileType = wrapper.application; includeInIndex = 0; path = ScrollingViews.app; sourceTree = BUILT_PRODUCTS_DIR; };
		1900ABBE1C6398FD00FCCE02 /* AppDelegate.swift */ = {isa = PBXFileReference; lastKnownFileType = sourcecode.swift; path = AppDelegate.swift; sourceTree = "<group>"; };
		1900ABC31C6398FD00FCCE02 /* Base */ = {isa = PBXFileReference; lastKnownFileType = file.storyboard; name = Base; path = Base.lproj/Main.storyboard; sourceTree = "<group>"; };
		1900ABC51C6398FD00FCCE02 /* Assets.xcassets */ = {isa = PBXFileReference; lastKnownFileType = folder.assetcatalog; path = Assets.xcassets; sourceTree = "<group>"; };
		1900ABC81C6398FD00FCCE02 /* Base */ = {isa = PBXFileReference; lastKnownFileType = file.storyboard; name = Base; path = Base.lproj/LaunchScreen.storyboard; sourceTree = "<group>"; };
		1900ABCA1C6398FD00FCCE02 /* Info.plist */ = {isa = PBXFileReference; lastKnownFileType = text.plist.xml; path = Info.plist; sourceTree = "<group>"; };
		1900ABD01C639A9400FCCE02 /* ImageScrollVC.swift */ = {isa = PBXFileReference; fileEncoding = 4; lastKnownFileType = sourcecode.swift; path = ImageScrollVC.swift; sourceTree = "<group>"; };
		1900ABD31C639F2000FCCE02 /* CustomScrollViewController.swift */ = {isa = PBXFileReference; fileEncoding = 4; lastKnownFileType = sourcecode.swift; path = CustomScrollViewController.swift; sourceTree = "<group>"; };
		1900ABD51C63A0E600FCCE02 /* PagedViewController.swift */ = {isa = PBXFileReference; fileEncoding = 4; lastKnownFileType = sourcecode.swift; path = PagedViewController.swift; sourceTree = "<group>"; };
		1900ABD71C63A0EF00FCCE02 /* PeekingViewController.swift */ = {isa = PBXFileReference; fileEncoding = 4; lastKnownFileType = sourcecode.swift; path = PeekingViewController.swift; sourceTree = "<group>"; };
/* End PBXFileReference section */

/* Begin PBXFrameworksBuildPhase section */
		1900ABB81C6398FD00FCCE02 /* Frameworks */ = {
			isa = PBXFrameworksBuildPhase;
			buildActionMask = 2147483647;
			files = (
			);
			runOnlyForDeploymentPostprocessing = 0;
		};
/* End PBXFrameworksBuildPhase section */

/* Begin PBXGroup section */
		1900ABB21C6398FD00FCCE02 = {
			isa = PBXGroup;
			children = (
				1900ABBD1C6398FD00FCCE02 /* ScrollingViews */,
				1900ABBC1C6398FD00FCCE02 /* Products */,
			);
			sourceTree = "<group>";
		};
		1900ABBC1C6398FD00FCCE02 /* Products */ = {
			isa = PBXGroup;
			children = (
				1900ABBB1C6398FD00FCCE02 /* ScrollingViews.app */,
			);
			name = Products;
			sourceTree = "<group>";
		};
		1900ABBD1C6398FD00FCCE02 /* ScrollingViews */ = {
			isa = PBXGroup;
			children = (
				1900ABD21C639A9C00FCCE02 /* Resources */,
				1900ABC21C6398FD00FCCE02 /* Main.storyboard */,
				1900ABD01C639A9400FCCE02 /* ImageScrollVC.swift */,
				1900ABD31C639F2000FCCE02 /* CustomScrollViewController.swift */,
				1900ABD51C63A0E600FCCE02 /* PagedViewController.swift */,
				1900ABD71C63A0EF00FCCE02 /* PeekingViewController.swift */,
			);
			path = ScrollingViews;
			sourceTree = "<group>";
		};
		1900ABD21C639A9C00FCCE02 /* Resources */ = {
			isa = PBXGroup;
			children = (
				1900ABBE1C6398FD00FCCE02 /* AppDelegate.swift */,
				1900ABC51C6398FD00FCCE02 /* Assets.xcassets */,
				1900ABC71C6398FD00FCCE02 /* LaunchScreen.storyboard */,
				1900ABCA1C6398FD00FCCE02 /* Info.plist */,
			);
			name = Resources;
			sourceTree = "<group>";
		};
/* End PBXGroup section */

/* Begin PBXNativeTarget section */
		1900ABBA1C6398FD00FCCE02 /* ScrollingViews */ = {
			isa = PBXNativeTarget;
			buildConfigurationList = 1900ABCD1C6398FD00FCCE02 /* Build configuration list for PBXNativeTarget "ScrollingViews" */;
			buildPhases = (
				1900ABB71C6398FD00FCCE02 /* Sources */,
				1900ABB81C6398FD00FCCE02 /* Frameworks */,
				1900ABB91C6398FD00FCCE02 /* Resources */,
			);
			buildRules = (
			);
			dependencies = (
			);
			name = ScrollingViews;
			productName = ScrollingViews;
			productReference = 1900ABBB1C6398FD00FCCE02 /* ScrollingViews.app */;
			productType = "com.apple.product-type.application";
		};
/* End PBXNativeTarget section */

/* Begin PBXProject section */
		1900ABB31C6398FD00FCCE02 /* Project object */ = {
			isa = PBXProject;
			attributes = {
				LastSwiftUpdateCheck = 0720;
				LastUpgradeCheck = 0720;
				ORGANIZATIONNAME = archangel;
				TargetAttributes = {
					1900ABBA1C6398FD00FCCE02 = {
						CreatedOnToolsVersion = 7.2;
					};
				};
			};
			buildConfigurationList = 1900ABB61C6398FD00FCCE02 /* Build configuration list for PBXProject "ScrollingViews" */;
			compatibilityVersion = "Xcode 3.2";
			developmentRegion = English;
			hasScannedForEncodings = 0;
			knownRegions = (
				en,
				Base,
			);
			mainGroup = 1900ABB21C6398FD00FCCE02;
			productRefGroup = 1900ABBC1C6398FD00FCCE02 /* Products */;
			projectDirPath = "";
			projectRoot = "";
			targets = (
				1900ABBA1C6398FD00FCCE02 /* ScrollingViews */,
			);
		};
/* End PBXProject section */

/* Begin PBXResourcesBuildPhase section */
		1900ABB91C6398FD00FCCE02 /* Resources */ = {
			isa = PBXResourcesBuildPhase;
			buildActionMask = 2147483647;
			files = (
				1900ABC91C6398FD00FCCE02 /* LaunchScreen.storyboard in Resources */,
				1900ABC61C6398FD00FCCE02 /* Assets.xcassets in Resources */,
				1900ABC41C6398FD00FCCE02 /* Main.storyboard in Resources */,
			);
			runOnlyForDeploymentPostprocessing = 0;
		};
/* End PBXResourcesBuildPhase section */

/* Begin PBXSourcesBuildPhase section */
		1900ABB71C6398FD00FCCE02 /* Sources */ = {
			isa = PBXSourcesBuildPhase;
			buildActionMask = 2147483647;
			files = (
				1900ABD61C63A0E600FCCE02 /* PagedViewController.swift in Sources */,
				1900ABBF1C6398FD00FCCE02 /* AppDelegate.swift in Sources */,
				1900ABD11C639A9400FCCE02 /* ImageScrollVC.swift in Sources */,
				1900ABD41C639F2000FCCE02 /* CustomScrollViewController.swift in Sources */,
				1900ABD81C63A0EF00FCCE02 /* PeekingViewController.swift in Sources */,
			);
			runOnlyForDeploymentPostprocessing = 0;
		};
/* End PBXSourcesBuildPhase section */

/* Begin PBXVariantGroup section */
		1900ABC21C6398FD00FCCE02 /* Main.storyboard */ = {
			isa = PBXVariantGroup;
			children = (
				1900ABC31C6398FD00FCCE02 /* Base */,
			);
			name = Main.storyboard;
			sourceTree = "<group>";
		};
		1900ABC71C6398FD00FCCE02 /* LaunchScreen.storyboard */ = {
			isa = PBXVariantGroup;
			children = (
				1900ABC81C6398FD00FCCE02 /* Base */,
			);
			name = LaunchScreen.storyboard;
			sourceTree = "<group>";
		};
/* End PBXVariantGroup section */

/* Begin XCBuildConfiguration section */
		1900ABCB1C6398FD00FCCE02 /* Debug */ = {
			isa = XCBuildConfiguration;
			buildSettings = {
				ALWAYS_SEARCH_USER_PATHS = NO;
				CLANG_CXX_LANGUAGE_STANDARD = "gnu++0x";
				CLANG_CXX_LIBRARY = "libc++";
				CLANG_ENABLE_MODULES = YES;
				CLANG_ENABLE_OBJC_ARC = YES;
				CLANG_WARN_BOOL_CONVERSION = YES;
				CLANG_WARN_CONSTANT_CONVERSION = YES;
				CLANG_WARN_DIRECT_OBJC_ISA_USAGE = YES_ERROR;
				CLANG_WARN_EMPTY_BODY = YES;
				CLANG_WARN_ENUM_CONVERSION = YES;
				CLANG_WARN_INT_CONVERSION = YES;
				CLANG_WARN_OBJC_ROOT_CLASS = YES_ERROR;
				CLANG_WARN_UNREACHABLE_CODE = YES;
				CLANG_WARN__DUPLICATE_METHOD_MATCH = YES;
				"CODE_SIGN_IDENTITY[sdk=iphoneos*]" = "iPhone Developer";
				COPY_PHASE_STRIP = NO;
				DEBUG_INFORMATION_FORMAT = dwarf;
				ENABLE_STRICT_OBJC_MSGSEND = YES;
				ENABLE_TESTABILITY = YES;
				GCC_C_LANGUAGE_STANDARD = gnu99;
				GCC_DYNAMIC_NO_PIC = NO;
				GCC_NO_COMMON_BLOCKS = YES;
				GCC_OPTIMIZATION_LEVEL = 0;
				GCC_PREPROCESSOR_DEFINITIONS = (
					"DEBUG=1",
					"$(inherited)",
				);
				GCC_WARN_64_TO_32_BIT_CONVERSION = YES;
				GCC_WARN_ABOUT_RETURN_TYPE = YES_ERROR;
				GCC_WARN_UNDECLARED_SELECTOR = YES;
				GCC_WARN_UNINITIALIZED_AUTOS = YES_AGGRESSIVE;
				GCC_WARN_UNUSED_FUNCTION = YES;
				GCC_WARN_UNUSED_VARIABLE = YES;
				IPHONEOS_DEPLOYMENT_TARGET = 9.2;
				MTL_ENABLE_DEBUG_INFO = YES;
				ONLY_ACTIVE_ARCH = YES;
				SDKROOT = iphoneos;
				SWIFT_OPTIMIZATION_LEVEL = "-Onone";
			};
			name = Debug;
		};
		1900ABCC1C6398FD00FCCE02 /* Release */ = {
			isa = XCBuildConfiguration;
			buildSettings = {
				ALWAYS_SEARCH_USER_PATHS = NO;
				CLANG_CXX_LANGUAGE_STANDARD = "gnu++0x";
				CLANG_CXX_LIBRARY = "libc++";
				CLANG_ENABLE_MODULES = YES;
				CLANG_ENABLE_OBJC_ARC = YES;
				CLANG_WARN_BOOL_CONVERSION = YES;
				CLANG_WARN_CONSTANT_CONVERSION = YES;
				CLANG_WARN_DIRECT_OBJC_ISA_USAGE = YES_ERROR;
				CLANG_WARN_EMPTY_BODY = YES;
				CLANG_WARN_ENUM_CONVERSION = YES;
				CLANG_WARN_INT_CONVERSION = YES;
				CLANG_WARN_OBJC_ROOT_CLASS = YES_ERROR;
				CLANG_WARN_UNREACHABLE_CODE = YES;
				CLANG_WARN__DUPLICATE_METHOD_MATCH = YES;
				"CODE_SIGN_IDENTITY[sdk=iphoneos*]" = "iPhone Developer";
				COPY_PHASE_STRIP = NO;
				DEBUG_INFORMATION_FORMAT = "dwarf-with-dsym";
				ENABLE_NS_ASSERTIONS = NO;
				ENABLE_STRICT_OBJC_MSGSEND = YES;
				GCC_C_LANGUAGE_STANDARD = gnu99;
				GCC_NO_COMMON_BLOCKS = YES;
				GCC_WARN_64_TO_32_BIT_CONVERSION = YES;
				GCC_WARN_ABOUT_RETURN_TYPE = YES_ERROR;
				GCC_WARN_UNDECLARED_SELECTOR = YES;
				GCC_WARN_UNINITIALIZED_AUTOS = YES_AGGRESSIVE;
				GCC_WARN_UNUSED_FUNCTION = YES;
				GCC_WARN_UNUSED_VARIABLE = YES;
				IPHONEOS_DEPLOYMENT_TARGET = 9.2;
				MTL_ENABLE_DEBUG_INFO = NO;
				SDKROOT = iphoneos;
				VALIDATE_PRODUCT = YES;
			};
			name = Release;
		};
		1900ABCE1C6398FD00FCCE02 /* Debug */ = {
			isa = XCBuildConfiguration;
			buildSettings = {
				ASSETCATALOG_COMPILER_APPICON_NAME = AppIcon;
				INFOPLIST_FILE = ScrollingViews/Info.plist;
				IPHONEOS_DEPLOYMENT_TARGET = 8.0;
				LD_RUNPATH_SEARCH_PATHS = "$(inherited) @executable_path/Frameworks";
				PRODUCT_BUNDLE_IDENTIFIER = com.archangel.ScrollingViews;
				PRODUCT_NAME = "$(TARGET_NAME)";
			};
			name = Debug;
		};
		1900ABCF1C6398FD00FCCE02 /* Release */ = {
			isa = XCBuildConfiguration;
			buildSettings = {
				ASSETCATALOG_COMPILER_APPICON_NAME = AppIcon;
				INFOPLIST_FILE = ScrollingViews/Info.plist;
				IPHONEOS_DEPLOYMENT_TARGET = 8.0;
				LD_RUNPATH_SEARCH_PATHS = "$(inherited) @executable_path/Frameworks";
				PRODUCT_BUNDLE_IDENTIFIER = com.archangel.ScrollingViews;
				PRODUCT_NAME = "$(TARGET_NAME)";
			};
			name = Release;
		};
/* End XCBuildConfiguration section */

/* Begin XCConfigurationList section */
		1900ABB61C6398FD00FCCE02 /* Build configuration list for PBXProject "ScrollingViews" */ = {
			isa = XCConfigurationList;
			buildConfigurations = (
				1900ABCB1C6398FD00FCCE02 /* Debug */,
				1900ABCC1C6398FD00FCCE02 /* Release */,
			);
			defaultConfigurationIsVisible = 0;
			defaultConfigurationName = Release;
		};
		1900ABCD1C6398FD00FCCE02 /* Build configuration list for PBXNativeTarget "ScrollingViews" */ = {
			isa = XCConfigurationList;
			buildConfigurations = (
				1900ABCE1C6398FD00FCCE02 /* Debug */,
				1900ABCF1C6398FD00FCCE02 /* Release */,
			);
			defaultConfigurationIsVisible = 0;
		};
/* End XCConfigurationList section */
	};
	rootObject = 1900ABB31C6398FD00FCCE02 /* Project object */;
}
